// !$*UTF8*$!
{
	archiveVersion = 1;
	classes = {
	};
	objectVersion = 46;
	objects = {

/* Begin PBXBuildFile section */
		A00695871C4E1F8200F9AC1B /* main.m in Sources */ = {isa = PBXBuildFile; fileRef = A00695861C4E1F8200F9AC1B /* main.m */; };
		A006958A1C4E1F8200F9AC1B /* AppDelegate.m in Sources */ = {isa = PBXBuildFile; fileRef = A00695891C4E1F8200F9AC1B /* AppDelegate.m */; };
		A006958D1C4E1F8200F9AC1B /* ViewController.m in Sources */ = {isa = PBXBuildFile; fileRef = A006958C1C4E1F8200F9AC1B /* ViewController.m */; };
		A00695901C4E1F8200F9AC1B /* Main.storyboard in Resources */ = {isa = PBXBuildFile; fileRef = A006958E1C4E1F8200F9AC1B /* Main.storyboard */; };
		A00695921C4E1F8200F9AC1B /* Assets.xcassets in Resources */ = {isa = PBXBuildFile; fileRef = A00695911C4E1F8200F9AC1B /* Assets.xcassets */; };
		A00695951C4E1F8200F9AC1B /* LaunchScreen.storyboard in Resources */ = {isa = PBXBuildFile; fileRef = A00695931C4E1F8200F9AC1B /* LaunchScreen.storyboard */; };
		A00695A01C4E1F8200F9AC1B /* UIPushBehaviorTests.m in Sources */ = {isa = PBXBuildFile; fileRef = A006959F1C4E1F8200F9AC1B /* UIPushBehaviorTests.m */; };
		A00695AB1C4E1F8200F9AC1B /* UIPushBehaviorUITests.m in Sources */ = {isa = PBXBuildFile; fileRef = A00695AA1C4E1F8200F9AC1B /* UIPushBehaviorUITests.m */; };
/* End PBXBuildFile section */

/* Begin PBXContainerItemProxy section */
		A006959C1C4E1F8200F9AC1B /* PBXContainerItemProxy */ = {
			isa = PBXContainerItemProxy;
			containerPortal = A006957A1C4E1F8200F9AC1B /* Project object */;
			proxyType = 1;
			remoteGlobalIDString = A00695811C4E1F8200F9AC1B;
			remoteInfo = UIPushBehavior;
		};
		A00695A71C4E1F8200F9AC1B /* PBXContainerItemProxy */ = {
			isa = PBXContainerItemProxy;
			containerPortal = A006957A1C4E1F8200F9AC1B /* Project object */;
			proxyType = 1;
			remoteGlobalIDString = A00695811C4E1F8200F9AC1B;
			remoteInfo = UIPushBehavior;
		};
/* End PBXContainerItemProxy section */

/* Begin PBXFileReference section */
		A00695821C4E1F8200F9AC1B /* UIPushBehavior.app */ = {isa = PBXFileReference; explicitFileType = wrapper.application; includeInIndex = 0; path = UIPushBehavior.app; sourceTree = BUILT_PRODUCTS_DIR; };
		A00695861C4E1F8200F9AC1B /* main.m */ = {isa = PBXFileReference; lastKnownFileType = sourcecode.c.objc; path = main.m; sourceTree = "<group>"; };
		A00695881C4E1F8200F9AC1B /* AppDelegate.h */ = {isa = PBXFileReference; lastKnownFileType = sourcecode.c.h; path = AppDelegate.h; sourceTree = "<group>"; };
		A00695891C4E1F8200F9AC1B /* AppDelegate.m */ = {isa = PBXFileReference; lastKnownFileType = sourcecode.c.objc; path = AppDelegate.m; sourceTree = "<group>"; };
		A006958B1C4E1F8200F9AC1B /* ViewController.h */ = {isa = PBXFileReference; lastKnownFileType = sourcecode.c.h; path = ViewController.h; sourceTree = "<group>"; };
		A006958C1C4E1F8200F9AC1B /* ViewController.m */ = {isa = PBXFileReference; lastKnownFileType = sourcecode.c.objc; path = ViewController.m; sourceTree = "<group>"; };
		A006958F1C4E1F8200F9AC1B /* Base */ = {isa = PBXFileReference; lastKnownFileType = file.storyboard; name = Base; path = Base.lproj/Main.storyboard; sourceTree = "<group>"; };
		A00695911C4E1F8200F9AC1B /* Assets.xcassets */ = {isa = PBXFileReference; lastKnownFileType = folder.assetcatalog; path = Assets.xcassets; sourceTree = "<group>"; };
		A00695941C4E1F8200F9AC1B /* Base */ = {isa = PBXFileReference; lastKnownFileType = file.storyboard; name = Base; path = Base.lproj/LaunchScreen.storyboard; sourceTree = "<group>"; };
		A00695961C4E1F8200F9AC1B /* Info.plist */ = {isa = PBXFileReference; lastKnownFileType = text.plist.xml; path = Info.plist; sourceTree = "<group>"; };
		A006959B1C4E1F8200F9AC1B /* UIPushBehaviorTests.xctest */ = {isa = PBXFileReference; explicitFileType = wrapper.cfbundle; includeInIndex = 0; path = UIPushBehaviorTests.xctest; sourceTree = BUILT_PRODUCTS_DIR; };
		A006959F1C4E1F8200F9AC1B /* UIPushBehaviorTests.m */ = {isa = PBXFileReference; lastKnownFileType = sourcecode.c.objc; path = UIPushBehaviorTests.m; sourceTree = "<group>"; };
		A00695A11C4E1F8200F9AC1B /* Info.plist */ = {isa = PBXFileReference; lastKnownFileType = text.plist.xml; path = Info.plist; sourceTree = "<group>"; };
		A00695A61C4E1F8200F9AC1B /* UIPushBehaviorUITests.xctest */ = {isa = PBXFileReference; explicitFileType = wrapper.cfbundle; includeInIndex = 0; path = UIPushBehaviorUITests.xctest; sourceTree = BUILT_PRODUCTS_DIR; };
		A00695AA1C4E1F8200F9AC1B /* UIPushBehaviorUITests.m */ = {isa = PBXFileReference; lastKnownFileType = sourcecode.c.objc; path = UIPushBehaviorUITests.m; sourceTree = "<group>"; };
		A00695AC1C4E1F8200F9AC1B /* Info.plist */ = {isa = PBXFileReference; lastKnownFileType = text.plist.xml; path = Info.plist; sourceTree = "<group>"; };
/* End PBXFileReference section */

/* Begin PBXFrameworksBuildPhase section */
		A006957F1C4E1F8200F9AC1B /* Frameworks */ = {
			isa = PBXFrameworksBuildPhase;
			buildActionMask = 2147483647;
			files = (
			);
			runOnlyForDeploymentPostprocessing = 0;
		};
		A00695981C4E1F8200F9AC1B /* Frameworks */ = {
			isa = PBXFrameworksBuildPhase;
			buildActionMask = 2147483647;
			files = (
			);
			runOnlyForDeploymentPostprocessing = 0;
		};
		A00695A31C4E1F8200F9AC1B /* Frameworks */ = {
			isa = PBXFrameworksBuildPhase;
			buildActionMask = 2147483647;
			files = (
			);
			runOnlyForDeploymentPostprocessing = 0;
		};
/* End PBXFrameworksBuildPhase section */

/* Begin PBXGroup section */
		A00695791C4E1F8200F9AC1B = {
			isa = PBXGroup;
			children = (
				A00695841C4E1F8200F9AC1B /* UIPushBehavior */,
				A006959E1C4E1F8200F9AC1B /* UIPushBehaviorTests */,
				A00695A91C4E1F8200F9AC1B /* UIPushBehaviorUITests */,
				A00695831C4E1F8200F9AC1B /* Products */,
			);
			sourceTree = "<group>";
		};
		A00695831C4E1F8200F9AC1B /* Products */ = {
			isa = PBXGroup;
			children = (
				A00695821C4E1F8200F9AC1B /* UIPushBehavior.app */,
				A006959B1C4E1F8200F9AC1B /* UIPushBehaviorTests.xctest */,
				A00695A61C4E1F8200F9AC1B /* UIPushBehaviorUITests.xctest */,
			);
			name = Products;
			sourceTree = "<group>";
		};
		A00695841C4E1F8200F9AC1B /* UIPushBehavior */ = {
			isa = PBXGroup;
			children = (
				A00695881C4E1F8200F9AC1B /* AppDelegate.h */,
				A00695891C4E1F8200F9AC1B /* AppDelegate.m */,
				A006958B1C4E1F8200F9AC1B /* ViewController.h */,
				A006958C1C4E1F8200F9AC1B /* ViewController.m */,
				A006958E1C4E1F8200F9AC1B /* Main.storyboard */,
				A00695911C4E1F8200F9AC1B /* Assets.xcassets */,
				A00695931C4E1F8200F9AC1B /* LaunchScreen.storyboard */,
				A00695961C4E1F8200F9AC1B /* Info.plist */,
				A00695851C4E1F8200F9AC1B /* Supporting Files */,
			);
			path = UIPushBehavior;
			sourceTree = "<group>";
		};
		A00695851C4E1F8200F9AC1B /* Supporting Files */ = {
			isa = PBXGroup;
			children = (
				A00695861C4E1F8200F9AC1B /* main.m */,
			);
			name = "Supporting Files";
			sourceTree = "<group>";
		};
		A006959E1C4E1F8200F9AC1B /* UIPushBehaviorTests */ = {
			isa = PBXGroup;
			children = (
				A006959F1C4E1F8200F9AC1B /* UIPushBehaviorTests.m */,
				A00695A11C4E1F8200F9AC1B /* Info.plist */,
			);
			path = UIPushBehaviorTests;
			sourceTree = "<group>";
		};
		A00695A91C4E1F8200F9AC1B /* UIPushBehaviorUITests */ = {
			isa = PBXGroup;
			children = (
				A00695AA1C4E1F8200F9AC1B /* UIPushBehaviorUITests.m */,
				A00695AC1C4E1F8200F9AC1B /* Info.plist */,
			);
			path = UIPushBehaviorUITests;
			sourceTree = "<group>";
		};
/* End PBXGroup section */

/* Begin PBXNativeTarget section */
		A00695811C4E1F8200F9AC1B /* UIPushBehavior */ = {
			isa = PBXNativeTarget;
			buildConfigurationList = A00695AF1C4E1F8200F9AC1B /* Build configuration list for PBXNativeTarget "UIPushBehavior" */;
			buildPhases = (
				A006957E1C4E1F8200F9AC1B /* Sources */,
				A006957F1C4E1F8200F9AC1B /* Frameworks */,
				A00695801C4E1F8200F9AC1B /* Resources */,
			);
			buildRules = (
			);
			dependencies = (
			);
			name = UIPushBehavior;
			productName = UIPushBehavior;
			productReference = A00695821C4E1F8200F9AC1B /* UIPushBehavior.app */;
			productType = "com.apple.product-type.application";
		};
		A006959A1C4E1F8200F9AC1B /* UIPushBehaviorTests */ = {
			isa = PBXNativeTarget;
			buildConfigurationList = A00695B21C4E1F8200F9AC1B /* Build configuration list for PBXNativeTarget "UIPushBehaviorTests" */;
			buildPhases = (
				A00695971C4E1F8200F9AC1B /* Sources */,
				A00695981C4E1F8200F9AC1B /* Frameworks */,
				A00695991C4E1F8200F9AC1B /* Resources */,
			);
			buildRules = (
			);
			dependencies = (
				A006959D1C4E1F8200F9AC1B /* PBXTargetDependency */,
			);
			name = UIPushBehaviorTests;
			productName = UIPushBehaviorTests;
			productReference = A006959B1C4E1F8200F9AC1B /* UIPushBehaviorTests.xctest */;
			productType = "com.apple.product-type.bundle.unit-test";
		};
		A00695A51C4E1F8200F9AC1B /* UIPushBehaviorUITests */ = {
			isa = PBXNativeTarget;
			buildConfigurationList = A00695B51C4E1F8200F9AC1B /* Build configuration list for PBXNativeTarget "UIPushBehaviorUITests" */;
			buildPhases = (
				A00695A21C4E1F8200F9AC1B /* Sources */,
				A00695A31C4E1F8200F9AC1B /* Frameworks */,
				A00695A41C4E1F8200F9AC1B /* Resources */,
			);
			buildRules = (
			);
			dependencies = (
				A00695A81C4E1F8200F9AC1B /* PBXTargetDependency */,
			);
			name = UIPushBehaviorUITests;
			productName = UIPushBehaviorUITests;
			productReference = A00695A61C4E1F8200F9AC1B /* UIPushBehaviorUITests.xctest */;
			productType = "com.apple.product-type.bundle.ui-testing";
		};
/* End PBXNativeTarget section */

/* Begin PBXProject section */
		A006957A1C4E1F8200F9AC1B /* Project object */ = {
			isa = PBXProject;
			attributes = {
				LastUpgradeCheck = 0720;
				ORGANIZATIONNAME = lizhao;
				TargetAttributes = {
					A00695811C4E1F8200F9AC1B = {
						CreatedOnToolsVersion = 7.2;
						DevelopmentTeam = 92ZKLC8K9P;
					};
					A006959A1C4E1F8200F9AC1B = {
						CreatedOnToolsVersion = 7.2;
						DevelopmentTeam = 92ZKLC8K9P;
						TestTargetID = A00695811C4E1F8200F9AC1B;
					};
					A00695A51C4E1F8200F9AC1B = {
						CreatedOnToolsVersion = 7.2;
						DevelopmentTeam = 92ZKLC8K9P;
						TestTargetID = A00695811C4E1F8200F9AC1B;
					};
				};
			};
			buildConfigurationList = A006957D1C4E1F8200F9AC1B /* Build configuration list for PBXProject "UIPushBehavior" */;
			compatibilityVersion = "Xcode 3.2";
			developmentRegion = English;
			hasScannedForEncodings = 0;
			knownRegions = (
				en,
				Base,
			);
			mainGroup = A00695791C4E1F8200F9AC1B;
			productRefGroup = A00695831C4E1F8200F9AC1B /* Products */;
			projectDirPath = "";
			projectRoot = "";
			targets = (
				A00695811C4E1F8200F9AC1B /* UIPushBehavior */,
				A006959A1C4E1F8200F9AC1B /* UIPushBehaviorTests */,
				A00695A51C4E1F8200F9AC1B /* UIPushBehaviorUITests */,
			);
		};
/* End PBXProject section */

/* Begin PBXResourcesBuildPhase section */
		A00695801C4E1F8200F9AC1B /* Resources */ = {
			isa = PBXResourcesBuildPhase;
			buildActionMask = 2147483647;
			files = (
				A00695951C4E1F8200F9AC1B /* LaunchScreen.storyboard in Resources */,
				A00695921C4E1F8200F9AC1B /* Assets.xcassets in Resources */,
				A00695901C4E1F8200F9AC1B /* Main.storyboard in Resources */,
			);
			runOnlyForDeploymentPostprocessing = 0;
		};
		A00695991C4E1F8200F9AC1B /* Resources */ = {
			isa = PBXResourcesBuildPhase;
			buildActionMask = 2147483647;
			files = (
			);
			runOnlyForDeploymentPostprocessing = 0;
		};
		A00695A41C4E1F8200F9AC1B /* Resources */ = {
			isa = PBXResourcesBuildPhase;
			buildActionMask = 2147483647;
			files = (
			);
			runOnlyForDeploymentPostprocessing = 0;
		};
/* End PBXResourcesBuildPhase section */

/* Begin PBXSourcesBuildPhase section */
		A006957E1C4E1F8200F9AC1B /* Sources */ = {
			isa = PBXSourcesBuildPhase;
			buildActionMask = 2147483647;
			files = (
				A006958D1C4E1F8200F9AC1B /* ViewController.m in Sources */,
				A006958A1C4E1F8200F9AC1B /* AppDelegate.m in Sources */,
				A00695871C4E1F8200F9AC1B /* main.m in Sources */,
			);
			runOnlyForDeploymentPostprocessing = 0;
		};
		A00695971C4E1F8200F9AC1B /* Sources */ = {
			isa = PBXSourcesBuildPhase;
			buildActionMask = 2147483647;
			files = (
				A00695A01C4E1F8200F9AC1B /* UIPushBehaviorTests.m in Sources */,
			);
			runOnlyForDeploymentPostprocessing = 0;
		};
		A00695A21C4E1F8200F9AC1B /* Sources */ = {
			isa = PBXSourcesBuildPhase;
			buildActionMask = 2147483647;
			files = (
				A00695AB1C4E1F8200F9AC1B /* UIPushBehaviorUITests.m in Sources */,
			);
			runOnlyForDeploymentPostprocessing = 0;
		};
/* End PBXSourcesBuildPhase section */

/* Begin PBXTargetDependency section */
		A006959D1C4E1F8200F9AC1B /* PBXTargetDependency */ = {
			isa = PBXTargetDependency;
			target = A00695811C4E1F8200F9AC1B /* UIPushBehavior */;
			targetProxy = A006959C1C4E1F8200F9AC1B /* PBXContainerItemProxy */;
		};
		A00695A81C4E1F8200F9AC1B /* PBXTargetDependency */ = {
			isa = PBXTargetDependency;
			target = A00695811C4E1F8200F9AC1B /* UIPushBehavior */;
			targetProxy = A00695A71C4E1F8200F9AC1B /* PBXContainerItemProxy */;
		};
/* End PBXTargetDependency section */

/* Begin PBXVariantGroup section */
		A006958E1C4E1F8200F9AC1B /* Main.storyboard */ = {
			isa = PBXVariantGroup;
			children = (
				A006958F1C4E1F8200F9AC1B /* Base */,
			);
			name = Main.storyboard;
			sourceTree = "<group>";
		};
		A00695931C4E1F8200F9AC1B /* LaunchScreen.storyboard */ = {
			isa = PBXVariantGroup;
			children = (
				A00695941C4E1F8200F9AC1B /* Base */,
			);
			name = LaunchScreen.storyboard;
			sourceTree = "<group>";
		};
/* End PBXVariantGroup section */

/* Begin XCBuildConfiguration section */
		A00695AD1C4E1F8200F9AC1B /* Debug */ = {
			isa = XCBuildConfiguration;
			buildSettings = {
				ALWAYS_SEARCH_USER_PATHS = NO;
				CLANG_CXX_LANGUAGE_STANDARD = "gnu++0x";
				CLANG_CXX_LIBRARY = "libc++";
				CLANG_ENABLE_MODULES = YES;
				CLANG_ENABLE_OBJC_ARC = YES;
				CLANG_WARN_BOOL_CONVERSION = YES;
				CLANG_WARN_CONSTANT_CONVERSION = YES;
				CLANG_WARN_DIRECT_OBJC_ISA_USAGE = YES_ERROR;
				CLANG_WARN_EMPTY_BODY = YES;
				CLANG_WARN_ENUM_CONVERSION = YES;
				CLANG_WARN_INT_CONVERSION = YES;
				CLANG_WARN_OBJC_ROOT_CLASS = YES_ERROR;
				CLANG_WARN_UNREACHABLE_CODE = YES;
				CLANG_WARN__DUPLICATE_METHOD_MATCH = YES;
				"CODE_SIGN_IDENTITY[sdk=iphoneos*]" = "iPhone Developer";
				COPY_PHASE_STRIP = NO;
				DEBUG_INFORMATION_FORMAT = dwarf;
				ENABLE_STRICT_OBJC_MSGSEND = YES;
				ENABLE_TESTABILITY = YES;
				GCC_C_LANGUAGE_STANDARD = gnu99;
				GCC_DYNAMIC_NO_PIC = NO;
				GCC_NO_COMMON_BLOCKS = YES;
				GCC_OPTIMIZATION_LEVEL = 0;
				GCC_PREPROCESSOR_DEFINITIONS = (
					"DEBUG=1",
					"$(inherited)",
				);
				GCC_WARN_64_TO_32_BIT_CONVERSION = YES;
				GCC_WARN_ABOUT_RETURN_TYPE = YES_ERROR;
				GCC_WARN_UNDECLARED_SELECTOR = YES;
				GCC_WARN_UNINITIALIZED_AUTOS = YES_AGGRESSIVE;
				GCC_WARN_UNUSED_FUNCTION = YES;
				GCC_WARN_UNUSED_VARIABLE = YES;
				IPHONEOS_DEPLOYMENT_TARGET = 9.2;
				MTL_ENABLE_DEBUG_INFO = YES;
				ONLY_ACTIVE_ARCH = YES;
				SDKROOT = iphoneos;
			};
			name = Debug;
		};
		A00695AE1C4E1F8200F9AC1B /* Release */ = {
			isa = XCBuildConfiguration;
			buildSettings = {
				ALWAYS_SEARCH_USER_PATHS = NO;
				CLANG_CXX_LANGUAGE_STANDARD = "gnu++0x";
				CLANG_CXX_LIBRARY = "libc++";
				CLANG_ENABLE_MODULES = YES;
				CLANG_ENABLE_OBJC_ARC = YES;
				CLANG_WARN_BOOL_CONVERSION = YES;
				CLANG_WARN_CONSTANT_CONVERSION = YES;
				CLANG_WARN_DIRECT_OBJC_ISA_USAGE = YES_ERROR;
				CLANG_WARN_EMPTY_BODY = YES;
				CLANG_WARN_ENUM_CONVERSION = YES;
				CLANG_WARN_INT_CONVERSION = YES;
				CLANG_WARN_OBJC_ROOT_CLASS = YES_ERROR;
				CLANG_WARN_UNREACHABLE_CODE = YES;
				CLANG_WARN__DUPLICATE_METHOD_MATCH = YES;
				"CODE_SIGN_IDENTITY[sdk=iphoneos*]" = "iPhone Developer";
				COPY_PHASE_STRIP = NO;
				DEBUG_INFORMATION_FORMAT = "dwarf-with-dsym";
				ENABLE_NS_ASSERTIONS = NO;
				ENABLE_STRICT_OBJC_MSGSEND = YES;
				GCC_C_LANGUAGE_STANDARD = gnu99;
				GCC_NO_COMMON_BLOCKS = YES;
				GCC_WARN_64_TO_32_BIT_CONVERSION = YES;
				GCC_WARN_ABOUT_RETURN_TYPE = YES_ERROR;
				GCC_WARN_UNDECLARED_SELECTOR = YES;
				GCC_WARN_UNINITIALIZED_AUTOS = YES_AGGRESSIVE;
				GCC_WARN_UNUSED_FUNCTION = YES;
				GCC_WARN_UNUSED_VARIABLE = YES;
				IPHONEOS_DEPLOYMENT_TARGET = 9.2;
				MTL_ENABLE_DEBUG_INFO = NO;
				SDKROOT = iphoneos;
				VALIDATE_PRODUCT = YES;
			};
			name = Release;
		};
		A00695B01C4E1F8200F9AC1B /* Debug */ = {
			isa = XCBuildConfiguration;
			buildSettings = {
				ASSETCATALOG_COMPILER_APPICON_NAME = AppIcon;
				INFOPLIST_FILE = UIPushBehavior/Info.plist;
				LD_RUNPATH_SEARCH_PATHS = "$(inherited) @executable_path/Frameworks";
				PRODUCT_BUNDLE_IDENTIFIER = com.lizhaoloveit.UIPushBehavior;
				PRODUCT_NAME = "$(TARGET_NAME)";
			};
			name = Debug;
		};
		A00695B11C4E1F8200F9AC1B /* Release */ = {
			isa = XCBuildConfiguration;
			buildSettings = {
				ASSETCATALOG_COMPILER_APPICON_NAME = AppIcon;
				INFOPLIST_FILE = UIPushBehavior/Info.plist;
				LD_RUNPATH_SEARCH_PATHS = "$(inherited) @executable_path/Frameworks";
				PRODUCT_BUNDLE_IDENTIFIER = com.lizhaoloveit.UIPushBehavior;
				PRODUCT_NAME = "$(TARGET_NAME)";
			};
			name = Release;
		};
		A00695B31C4E1F8200F9AC1B /* Debug */ = {
			isa = XCBuildConfiguration;
			buildSettings = {
				BUNDLE_LOADER = "$(TEST_HOST)";
				INFOPLIST_FILE = UIPushBehaviorTests/Info.plist;
				LD_RUNPATH_SEARCH_PATHS = "$(inherited) @executable_path/Frameworks @loader_path/Frameworks";
				PRODUCT_BUNDLE_IDENTIFIER = com.lizhaoloveit.UIPushBehaviorTests;
				PRODUCT_NAME = "$(TARGET_NAME)";
				TEST_HOST = "$(BUILT_PRODUCTS_DIR)/UIPushBehavior.app/UIPushBehavior";
			};
			name = Debug;
		};
		A00695B41C4E1F8200F9AC1B /* Release */ = {
			isa = XCBuildConfiguration;
			buildSettings = {
				BUNDLE_LOADER = "$(TEST_HOST)";
				INFOPLIST_FILE = UIPushBehaviorTests/Info.plist;
				LD_RUNPATH_SEARCH_PATHS = "$(inherited) @executable_path/Frameworks @loader_path/Frameworks";
				PRODUCT_BUNDLE_IDENTIFIER = com.lizhaoloveit.UIPushBehaviorTests;
				PRODUCT_NAME = "$(TARGET_NAME)";
				TEST_HOST = "$(BUILT_PRODUCTS_DIR)/UIPushBehavior.app/UIPushBehavior";
			};
			name = Release;
		};
		A00695B61C4E1F8200F9AC1B /* Debug */ = {
			isa = XCBuildConfiguration;
			buildSettings = {
				INFOPLIST_FILE = UIPushBehaviorUITests/Info.plist;
				LD_RUNPATH_SEARCH_PATHS = "$(inherited) @executable_path/Frameworks @loader_path/Frameworks";
				PRODUCT_BUNDLE_IDENTIFIER = com.lizhaoloveit.UIPushBehaviorUITests;
				PRODUCT_NAME = "$(TARGET_NAME)";
				TEST_TARGET_NAME = UIPushBehavior;
				USES_XCTRUNNER = YES;
			};
			name = Debug;
		};
		A00695B71C4E1F8200F9AC1B /* Release */ = {
			isa = XCBuildConfiguration;
			buildSettings = {
				INFOPLIST_FILE = UIPushBehaviorUITests/Info.plist;
				LD_RUNPATH_SEARCH_PATHS = "$(inherited) @executable_path/Frameworks @loader_path/Frameworks";
				PRODUCT_BUNDLE_IDENTIFIER = com.lizhaoloveit.UIPushBehaviorUITests;
				PRODUCT_NAME = "$(TARGET_NAME)";
				TEST_TARGET_NAME = UIPushBehavior;
				USES_XCTRUNNER = YES;
			};
			name = Release;
		};
/* End XCBuildConfiguration section */

/* Begin XCConfigurationList section */
		A006957D1C4E1F8200F9AC1B /* Build configuration list for PBXProject "UIPushBehavior" */ = {
			isa = XCConfigurationList;
			buildConfigurations = (
				A00695AD1C4E1F8200F9AC1B /* Debug */,
				A00695AE1C4E1F8200F9AC1B /* Release */,
			);
			defaultConfigurationIsVisible = 0;
			defaultConfigurationName = Release;
		};
		A00695AF1C4E1F8200F9AC1B /* Build configuration list for PBXNativeTarget "UIPushBehavior" */ = {
			isa = XCConfigurationList;
			buildConfigurations = (
				A00695B01C4E1F8200F9AC1B /* Debug */,
				A00695B11C4E1F8200F9AC1B /* Release */,
			);
			defaultConfigurationIsVisible = 0;
		};
		A00695B21C4E1F8200F9AC1B /* Build configuration list for PBXNativeTarget "UIPushBehaviorTests" */ = {
			isa = XCConfigurationList;
			buildConfigurations = (
				A00695B31C4E1F8200F9AC1B /* Debug */,
				A00695B41C4E1F8200F9AC1B /* Release */,
			);
			defaultConfigurationIsVisible = 0;
		};
		A00695B51C4E1F8200F9AC1B /* Build configuration list for PBXNativeTarget "UIPushBehaviorUITests" */ = {
			isa = XCConfigurationList;
			buildConfigurations = (
				A00695B61C4E1F8200F9AC1B /* Debug */,
				A00695B71C4E1F8200F9AC1B /* Release */,
			);
			defaultConfigurationIsVisible = 0;
		};
/* End XCConfigurationList section */
	};
	rootObject = A006957A1C4E1F8200F9AC1B /* Project object */;
}
