// !$*UTF8*$!
{
	archiveVersion = 1;
	classes = {
	};
	objectVersion = 46;
	objects = {

/* Begin PBXBuildFile section */
		A00695C61C4E45DC00F9AC1B /* main.m in Sources */ = {isa = PBXBuildFile; fileRef = A00695C51C4E45DC00F9AC1B /* main.m */; };
		A00695C91C4E45DC00F9AC1B /* AppDelegate.m in Sources */ = {isa = PBXBuildFile; fileRef = A00695C81C4E45DC00F9AC1B /* AppDelegate.m */; };
		A00695CC1C4E45DC00F9AC1B /* ViewController.m in Sources */ = {isa = PBXBuildFile; fileRef = A00695CB1C4E45DC00F9AC1B /* ViewController.m */; };
		A00695CF1C4E45DC00F9AC1B /* Main.storyboard in Resources */ = {isa = PBXBuildFile; fileRef = A00695CD1C4E45DC00F9AC1B /* Main.storyboard */; };
		A00695D11C4E45DC00F9AC1B /* Assets.xcassets in Resources */ = {isa = PBXBuildFile; fileRef = A00695D01C4E45DC00F9AC1B /* Assets.xcassets */; };
		A00695D41C4E45DC00F9AC1B /* LaunchScreen.storyboard in Resources */ = {isa = PBXBuildFile; fileRef = A00695D21C4E45DC00F9AC1B /* LaunchScreen.storyboard */; };
		A00695DF1C4E45DC00F9AC1B /* UIAttachmentBehaviorTests.m in Sources */ = {isa = PBXBuildFile; fileRef = A00695DE1C4E45DC00F9AC1B /* UIAttachmentBehaviorTests.m */; };
		A00695EA1C4E45DC00F9AC1B /* UIAttachmentBehaviorUITests.m in Sources */ = {isa = PBXBuildFile; fileRef = A00695E91C4E45DC00F9AC1B /* UIAttachmentBehaviorUITests.m */; };
/* End PBXBuildFile section */

/* Begin PBXContainerItemProxy section */
		A00695DB1C4E45DC00F9AC1B /* PBXContainerItemProxy */ = {
			isa = PBXContainerItemProxy;
			containerPortal = A00695B91C4E45DC00F9AC1B /* Project object */;
			proxyType = 1;
			remoteGlobalIDString = A00695C01C4E45DC00F9AC1B;
			remoteInfo = UIAttachmentBehavior;
		};
		A00695E61C4E45DC00F9AC1B /* PBXContainerItemProxy */ = {
			isa = PBXContainerItemProxy;
			containerPortal = A00695B91C4E45DC00F9AC1B /* Project object */;
			proxyType = 1;
			remoteGlobalIDString = A00695C01C4E45DC00F9AC1B;
			remoteInfo = UIAttachmentBehavior;
		};
/* End PBXContainerItemProxy section */

/* Begin PBXFileReference section */
		A00695C11C4E45DC00F9AC1B /* UIAttachmentBehavior.app */ = {isa = PBXFileReference; explicitFileType = wrapper.application; includeInIndex = 0; path = UIAttachmentBehavior.app; sourceTree = BUILT_PRODUCTS_DIR; };
		A00695C51C4E45DC00F9AC1B /* main.m */ = {isa = PBXFileReference; lastKnownFileType = sourcecode.c.objc; path = main.m; sourceTree = "<group>"; };
		A00695C71C4E45DC00F9AC1B /* AppDelegate.h */ = {isa = PBXFileReference; lastKnownFileType = sourcecode.c.h; path = AppDelegate.h; sourceTree = "<group>"; };
		A00695C81C4E45DC00F9AC1B /* AppDelegate.m */ = {isa = PBXFileReference; lastKnownFileType = sourcecode.c.objc; path = AppDelegate.m; sourceTree = "<group>"; };
		A00695CA1C4E45DC00F9AC1B /* ViewController.h */ = {isa = PBXFileReference; lastKnownFileType = sourcecode.c.h; path = ViewController.h; sourceTree = "<group>"; };
		A00695CB1C4E45DC00F9AC1B /* ViewController.m */ = {isa = PBXFileReference; lastKnownFileType = sourcecode.c.objc; path = ViewController.m; sourceTree = "<group>"; };
		A00695CE1C4E45DC00F9AC1B /* Base */ = {isa = PBXFileReference; lastKnownFileType = file.storyboard; name = Base; path = Base.lproj/Main.storyboard; sourceTree = "<group>"; };
		A00695D01C4E45DC00F9AC1B /* Assets.xcassets */ = {isa = PBXFileReference; lastKnownFileType = folder.assetcatalog; path = Assets.xcassets; sourceTree = "<group>"; };
		A00695D31C4E45DC00F9AC1B /* Base */ = {isa = PBXFileReference; lastKnownFileType = file.storyboard; name = Base; path = Base.lproj/LaunchScreen.storyboard; sourceTree = "<group>"; };
		A00695D51C4E45DC00F9AC1B /* Info.plist */ = {isa = PBXFileReference; lastKnownFileType = text.plist.xml; path = Info.plist; sourceTree = "<group>"; };
		A00695DA1C4E45DC00F9AC1B /* UIAttachmentBehaviorTests.xctest */ = {isa = PBXFileReference; explicitFileType = wrapper.cfbundle; includeInIndex = 0; path = UIAttachmentBehaviorTests.xctest; sourceTree = BUILT_PRODUCTS_DIR; };
		A00695DE1C4E45DC00F9AC1B /* UIAttachmentBehaviorTests.m */ = {isa = PBXFileReference; lastKnownFileType = sourcecode.c.objc; path = UIAttachmentBehaviorTests.m; sourceTree = "<group>"; };
		A00695E01C4E45DC00F9AC1B /* Info.plist */ = {isa = PBXFileReference; lastKnownFileType = text.plist.xml; path = Info.plist; sourceTree = "<group>"; };
		A00695E51C4E45DC00F9AC1B /* UIAttachmentBehaviorUITests.xctest */ = {isa = PBXFileReference; explicitFileType = wrapper.cfbundle; includeInIndex = 0; path = UIAttachmentBehaviorUITests.xctest; sourceTree = BUILT_PRODUCTS_DIR; };
		A00695E91C4E45DC00F9AC1B /* UIAttachmentBehaviorUITests.m */ = {isa = PBXFileReference; lastKnownFileType = sourcecode.c.objc; path = UIAttachmentBehaviorUITests.m; sourceTree = "<group>"; };
		A00695EB1C4E45DC00F9AC1B /* Info.plist */ = {isa = PBXFileReference; lastKnownFileType = text.plist.xml; path = Info.plist; sourceTree = "<group>"; };
/* End PBXFileReference section */

/* Begin PBXFrameworksBuildPhase section */
		A00695BE1C4E45DC00F9AC1B /* Frameworks */ = {
			isa = PBXFrameworksBuildPhase;
			buildActionMask = 2147483647;
			files = (
			);
			runOnlyForDeploymentPostprocessing = 0;
		};
		A00695D71C4E45DC00F9AC1B /* Frameworks */ = {
			isa = PBXFrameworksBuildPhase;
			buildActionMask = 2147483647;
			files = (
			);
			runOnlyForDeploymentPostprocessing = 0;
		};
		A00695E21C4E45DC00F9AC1B /* Frameworks */ = {
			isa = PBXFrameworksBuildPhase;
			buildActionMask = 2147483647;
			files = (
			);
			runOnlyForDeploymentPostprocessing = 0;
		};
/* End PBXFrameworksBuildPhase section */

/* Begin PBXGroup section */
		A00695B81C4E45DC00F9AC1B = {
			isa = PBXGroup;
			children = (
				A00695C31C4E45DC00F9AC1B /* UIAttachmentBehavior */,
				A00695DD1C4E45DC00F9AC1B /* UIAttachmentBehaviorTests */,
				A00695E81C4E45DC00F9AC1B /* UIAttachmentBehaviorUITests */,
				A00695C21C4E45DC00F9AC1B /* Products */,
			);
			sourceTree = "<group>";
		};
		A00695C21C4E45DC00F9AC1B /* Products */ = {
			isa = PBXGroup;
			children = (
				A00695C11C4E45DC00F9AC1B /* UIAttachmentBehavior.app */,
				A00695DA1C4E45DC00F9AC1B /* UIAttachmentBehaviorTests.xctest */,
				A00695E51C4E45DC00F9AC1B /* UIAttachmentBehaviorUITests.xctest */,
			);
			name = Products;
			sourceTree = "<group>";
		};
		A00695C31C4E45DC00F9AC1B /* UIAttachmentBehavior */ = {
			isa = PBXGroup;
			children = (
				A00695C71C4E45DC00F9AC1B /* AppDelegate.h */,
				A00695C81C4E45DC00F9AC1B /* AppDelegate.m */,
				A00695CA1C4E45DC00F9AC1B /* ViewController.h */,
				A00695CB1C4E45DC00F9AC1B /* ViewController.m */,
				A00695CD1C4E45DC00F9AC1B /* Main.storyboard */,
				A00695D01C4E45DC00F9AC1B /* Assets.xcassets */,
				A00695D21C4E45DC00F9AC1B /* LaunchScreen.storyboard */,
				A00695D51C4E45DC00F9AC1B /* Info.plist */,
				A00695C41C4E45DC00F9AC1B /* Supporting Files */,
			);
			path = UIAttachmentBehavior;
			sourceTree = "<group>";
		};
		A00695C41C4E45DC00F9AC1B /* Supporting Files */ = {
			isa = PBXGroup;
			children = (
				A00695C51C4E45DC00F9AC1B /* main.m */,
			);
			name = "Supporting Files";
			sourceTree = "<group>";
		};
		A00695DD1C4E45DC00F9AC1B /* UIAttachmentBehaviorTests */ = {
			isa = PBXGroup;
			children = (
				A00695DE1C4E45DC00F9AC1B /* UIAttachmentBehaviorTests.m */,
				A00695E01C4E45DC00F9AC1B /* Info.plist */,
			);
			path = UIAttachmentBehaviorTests;
			sourceTree = "<group>";
		};
		A00695E81C4E45DC00F9AC1B /* UIAttachmentBehaviorUITests */ = {
			isa = PBXGroup;
			children = (
				A00695E91C4E45DC00F9AC1B /* UIAttachmentBehaviorUITests.m */,
				A00695EB1C4E45DC00F9AC1B /* Info.plist */,
			);
			path = UIAttachmentBehaviorUITests;
			sourceTree = "<group>";
		};
/* End PBXGroup section */

/* Begin PBXNativeTarget section */
		A00695C01C4E45DC00F9AC1B /* UIAttachmentBehavior */ = {
			isa = PBXNativeTarget;
			buildConfigurationList = A00695EE1C4E45DC00F9AC1B /* Build configuration list for PBXNativeTarget "UIAttachmentBehavior" */;
			buildPhases = (
				A00695BD1C4E45DC00F9AC1B /* Sources */,
				A00695BE1C4E45DC00F9AC1B /* Frameworks */,
				A00695BF1C4E45DC00F9AC1B /* Resources */,
			);
			buildRules = (
			);
			dependencies = (
			);
			name = UIAttachmentBehavior;
			productName = UIAttachmentBehavior;
			productReference = A00695C11C4E45DC00F9AC1B /* UIAttachmentBehavior.app */;
			productType = "com.apple.product-type.application";
		};
		A00695D91C4E45DC00F9AC1B /* UIAttachmentBehaviorTests */ = {
			isa = PBXNativeTarget;
			buildConfigurationList = A00695F11C4E45DC00F9AC1B /* Build configuration list for PBXNativeTarget "UIAttachmentBehaviorTests" */;
			buildPhases = (
				A00695D61C4E45DC00F9AC1B /* Sources */,
				A00695D71C4E45DC00F9AC1B /* Frameworks */,
				A00695D81C4E45DC00F9AC1B /* Resources */,
			);
			buildRules = (
			);
			dependencies = (
				A00695DC1C4E45DC00F9AC1B /* PBXTargetDependency */,
			);
			name = UIAttachmentBehaviorTests;
			productName = UIAttachmentBehaviorTests;
			productReference = A00695DA1C4E45DC00F9AC1B /* UIAttachmentBehaviorTests.xctest */;
			productType = "com.apple.product-type.bundle.unit-test";
		};
		A00695E41C4E45DC00F9AC1B /* UIAttachmentBehaviorUITests */ = {
			isa = PBXNativeTarget;
			buildConfigurationList = A00695F41C4E45DC00F9AC1B /* Build configuration list for PBXNativeTarget "UIAttachmentBehaviorUITests" */;
			buildPhases = (
				A00695E11C4E45DC00F9AC1B /* Sources */,
				A00695E21C4E45DC00F9AC1B /* Frameworks */,
				A00695E31C4E45DC00F9AC1B /* Resources */,
			);
			buildRules = (
			);
			dependencies = (
				A00695E71C4E45DC00F9AC1B /* PBXTargetDependency */,
			);
			name = UIAttachmentBehaviorUITests;
			productName = UIAttachmentBehaviorUITests;
			productReference = A00695E51C4E45DC00F9AC1B /* UIAttachmentBehaviorUITests.xctest */;
			productType = "com.apple.product-type.bundle.ui-testing";
		};
/* End PBXNativeTarget section */

/* Begin PBXProject section */
		A00695B91C4E45DC00F9AC1B /* Project object */ = {
			isa = PBXProject;
			attributes = {
				LastUpgradeCheck = 0720;
				ORGANIZATIONNAME = lizhao;
				TargetAttributes = {
					A00695C01C4E45DC00F9AC1B = {
						CreatedOnToolsVersion = 7.2;
						DevelopmentTeam = 92ZKLC8K9P;
					};
					A00695D91C4E45DC00F9AC1B = {
						CreatedOnToolsVersion = 7.2;
						DevelopmentTeam = 92ZKLC8K9P;
						TestTargetID = A00695C01C4E45DC00F9AC1B;
					};
					A00695E41C4E45DC00F9AC1B = {
						CreatedOnToolsVersion = 7.2;
						DevelopmentTeam = 92ZKLC8K9P;
						TestTargetID = A00695C01C4E45DC00F9AC1B;
					};
				};
			};
			buildConfigurationList = A00695BC1C4E45DC00F9AC1B /* Build configuration list for PBXProject "UIAttachmentBehavior" */;
			compatibilityVersion = "Xcode 3.2";
			developmentRegion = English;
			hasScannedForEncodings = 0;
			knownRegions = (
				en,
				Base,
			);
			mainGroup = A00695B81C4E45DC00F9AC1B;
			productRefGroup = A00695C21C4E45DC00F9AC1B /* Products */;
			projectDirPath = "";
			projectRoot = "";
			targets = (
				A00695C01C4E45DC00F9AC1B /* UIAttachmentBehavior */,
				A00695D91C4E45DC00F9AC1B /* UIAttachmentBehaviorTests */,
				A00695E41C4E45DC00F9AC1B /* UIAttachmentBehaviorUITests */,
			);
		};
/* End PBXProject section */

/* Begin PBXResourcesBuildPhase section */
		A00695BF1C4E45DC00F9AC1B /* Resources */ = {
			isa = PBXResourcesBuildPhase;
			buildActionMask = 2147483647;
			files = (
				A00695D41C4E45DC00F9AC1B /* LaunchScreen.storyboard in Resources */,
				A00695D11C4E45DC00F9AC1B /* Assets.xcassets in Resources */,
				A00695CF1C4E45DC00F9AC1B /* Main.storyboard in Resources */,
			);
			runOnlyForDeploymentPostprocessing = 0;
		};
		A00695D81C4E45DC00F9AC1B /* Resources */ = {
			isa = PBXResourcesBuildPhase;
			buildActionMask = 2147483647;
			files = (
			);
			runOnlyForDeploymentPostprocessing = 0;
		};
		A00695E31C4E45DC00F9AC1B /* Resources */ = {
			isa = PBXResourcesBuildPhase;
			buildActionMask = 2147483647;
			files = (
			);
			runOnlyForDeploymentPostprocessing = 0;
		};
/* End PBXResourcesBuildPhase section */

/* Begin PBXSourcesBuildPhase section */
		A00695BD1C4E45DC00F9AC1B /* Sources */ = {
			isa = PBXSourcesBuildPhase;
			buildActionMask = 2147483647;
			files = (
				A00695CC1C4E45DC00F9AC1B /* ViewController.m in Sources */,
				A00695C91C4E45DC00F9AC1B /* AppDelegate.m in Sources */,
				A00695C61C4E45DC00F9AC1B /* main.m in Sources */,
			);
			runOnlyForDeploymentPostprocessing = 0;
		};
		A00695D61C4E45DC00F9AC1B /* Sources */ = {
			isa = PBXSourcesBuildPhase;
			buildActionMask = 2147483647;
			files = (
				A00695DF1C4E45DC00F9AC1B /* UIAttachmentBehaviorTests.m in Sources */,
			);
			runOnlyForDeploymentPostprocessing = 0;
		};
		A00695E11C4E45DC00F9AC1B /* Sources */ = {
			isa = PBXSourcesBuildPhase;
			buildActionMask = 2147483647;
			files = (
				A00695EA1C4E45DC00F9AC1B /* UIAttachmentBehaviorUITests.m in Sources */,
			);
			runOnlyForDeploymentPostprocessing = 0;
		};
/* End PBXSourcesBuildPhase section */

/* Begin PBXTargetDependency section */
		A00695DC1C4E45DC00F9AC1B /* PBXTargetDependency */ = {
			isa = PBXTargetDependency;
			target = A00695C01C4E45DC00F9AC1B /* UIAttachmentBehavior */;
			targetProxy = A00695DB1C4E45DC00F9AC1B /* PBXContainerItemProxy */;
		};
		A00695E71C4E45DC00F9AC1B /* PBXTargetDependency */ = {
			isa = PBXTargetDependency;
			target = A00695C01C4E45DC00F9AC1B /* UIAttachmentBehavior */;
			targetProxy = A00695E61C4E45DC00F9AC1B /* PBXContainerItemProxy */;
		};
/* End PBXTargetDependency section */

/* Begin PBXVariantGroup section */
		A00695CD1C4E45DC00F9AC1B /* Main.storyboard */ = {
			isa = PBXVariantGroup;
			children = (
				A00695CE1C4E45DC00F9AC1B /* Base */,
			);
			name = Main.storyboard;
			sourceTree = "<group>";
		};
		A00695D21C4E45DC00F9AC1B /* LaunchScreen.storyboard */ = {
			isa = PBXVariantGroup;
			children = (
				A00695D31C4E45DC00F9AC1B /* Base */,
			);
			name = LaunchScreen.storyboard;
			sourceTree = "<group>";
		};
/* End PBXVariantGroup section */

/* Begin XCBuildConfiguration section */
		A00695EC1C4E45DC00F9AC1B /* Debug */ = {
			isa = XCBuildConfiguration;
			buildSettings = {
				ALWAYS_SEARCH_USER_PATHS = NO;
				CLANG_CXX_LANGUAGE_STANDARD = "gnu++0x";
				CLANG_CXX_LIBRARY = "libc++";
				CLANG_ENABLE_MODULES = YES;
				CLANG_ENABLE_OBJC_ARC = YES;
				CLANG_WARN_BOOL_CONVERSION = YES;
				CLANG_WARN_CONSTANT_CONVERSION = YES;
				CLANG_WARN_DIRECT_OBJC_ISA_USAGE = YES_ERROR;
				CLANG_WARN_EMPTY_BODY = YES;
				CLANG_WARN_ENUM_CONVERSION = YES;
				CLANG_WARN_INT_CONVERSION = YES;
				CLANG_WARN_OBJC_ROOT_CLASS = YES_ERROR;
				CLANG_WARN_UNREACHABLE_CODE = YES;
				CLANG_WARN__DUPLICATE_METHOD_MATCH = YES;
				"CODE_SIGN_IDENTITY[sdk=iphoneos*]" = "iPhone Developer";
				COPY_PHASE_STRIP = NO;
				DEBUG_INFORMATION_FORMAT = dwarf;
				ENABLE_STRICT_OBJC_MSGSEND = YES;
				ENABLE_TESTABILITY = YES;
				GCC_C_LANGUAGE_STANDARD = gnu99;
				GCC_DYNAMIC_NO_PIC = NO;
				GCC_NO_COMMON_BLOCKS = YES;
				GCC_OPTIMIZATION_LEVEL = 0;
				GCC_PREPROCESSOR_DEFINITIONS = (
					"DEBUG=1",
					"$(inherited)",
				);
				GCC_WARN_64_TO_32_BIT_CONVERSION = YES;
				GCC_WARN_ABOUT_RETURN_TYPE = YES_ERROR;
				GCC_WARN_UNDECLARED_SELECTOR = YES;
				GCC_WARN_UNINITIALIZED_AUTOS = YES_AGGRESSIVE;
				GCC_WARN_UNUSED_FUNCTION = YES;
				GCC_WARN_UNUSED_VARIABLE = YES;
				IPHONEOS_DEPLOYMENT_TARGET = 9.2;
				MTL_ENABLE_DEBUG_INFO = YES;
				ONLY_ACTIVE_ARCH = YES;
				SDKROOT = iphoneos;
			};
			name = Debug;
		};
		A00695ED1C4E45DC00F9AC1B /* Release */ = {
			isa = XCBuildConfiguration;
			buildSettings = {
				ALWAYS_SEARCH_USER_PATHS = NO;
				CLANG_CXX_LANGUAGE_STANDARD = "gnu++0x";
				CLANG_CXX_LIBRARY = "libc++";
				CLANG_ENABLE_MODULES = YES;
				CLANG_ENABLE_OBJC_ARC = YES;
				CLANG_WARN_BOOL_CONVERSION = YES;
				CLANG_WARN_CONSTANT_CONVERSION = YES;
				CLANG_WARN_DIRECT_OBJC_ISA_USAGE = YES_ERROR;
				CLANG_WARN_EMPTY_BODY = YES;
				CLANG_WARN_ENUM_CONVERSION = YES;
				CLANG_WARN_INT_CONVERSION = YES;
				CLANG_WARN_OBJC_ROOT_CLASS = YES_ERROR;
				CLANG_WARN_UNREACHABLE_CODE = YES;
				CLANG_WARN__DUPLICATE_METHOD_MATCH = YES;
				"CODE_SIGN_IDENTITY[sdk=iphoneos*]" = "iPhone Developer";
				COPY_PHASE_STRIP = NO;
				DEBUG_INFORMATION_FORMAT = "dwarf-with-dsym";
				ENABLE_NS_ASSERTIONS = NO;
				ENABLE_STRICT_OBJC_MSGSEND = YES;
				GCC_C_LANGUAGE_STANDARD = gnu99;
				GCC_NO_COMMON_BLOCKS = YES;
				GCC_WARN_64_TO_32_BIT_CONVERSION = YES;
				GCC_WARN_ABOUT_RETURN_TYPE = YES_ERROR;
				GCC_WARN_UNDECLARED_SELECTOR = YES;
				GCC_WARN_UNINITIALIZED_AUTOS = YES_AGGRESSIVE;
				GCC_WARN_UNUSED_FUNCTION = YES;
				GCC_WARN_UNUSED_VARIABLE = YES;
				IPHONEOS_DEPLOYMENT_TARGET = 9.2;
				MTL_ENABLE_DEBUG_INFO = NO;
				SDKROOT = iphoneos;
				VALIDATE_PRODUCT = YES;
			};
			name = Release;
		};
		A00695EF1C4E45DC00F9AC1B /* Debug */ = {
			isa = XCBuildConfiguration;
			buildSettings = {
				ASSETCATALOG_COMPILER_APPICON_NAME = AppIcon;
				INFOPLIST_FILE = UIAttachmentBehavior/Info.plist;
				LD_RUNPATH_SEARCH_PATHS = "$(inherited) @executable_path/Frameworks";
				PRODUCT_BUNDLE_IDENTIFIER = com.lizhaoloveit.UIAttachmentBehavior;
				PRODUCT_NAME = "$(TARGET_NAME)";
			};
			name = Debug;
		};
		A00695F01C4E45DC00F9AC1B /* Release */ = {
			isa = XCBuildConfiguration;
			buildSettings = {
				ASSETCATALOG_COMPILER_APPICON_NAME = AppIcon;
				INFOPLIST_FILE = UIAttachmentBehavior/Info.plist;
				LD_RUNPATH_SEARCH_PATHS = "$(inherited) @executable_path/Frameworks";
				PRODUCT_BUNDLE_IDENTIFIER = com.lizhaoloveit.UIAttachmentBehavior;
				PRODUCT_NAME = "$(TARGET_NAME)";
			};
			name = Release;
		};
		A00695F21C4E45DC00F9AC1B /* Debug */ = {
			isa = XCBuildConfiguration;
			buildSettings = {
				BUNDLE_LOADER = "$(TEST_HOST)";
				INFOPLIST_FILE = UIAttachmentBehaviorTests/Info.plist;
				LD_RUNPATH_SEARCH_PATHS = "$(inherited) @executable_path/Frameworks @loader_path/Frameworks";
				PRODUCT_BUNDLE_IDENTIFIER = com.lizhaoloveit.UIAttachmentBehaviorTests;
				PRODUCT_NAME = "$(TARGET_NAME)";
				TEST_HOST = "$(BUILT_PRODUCTS_DIR)/UIAttachmentBehavior.app/UIAttachmentBehavior";
			};
			name = Debug;
		};
		A00695F31C4E45DC00F9AC1B /* Release */ = {
			isa = XCBuildConfiguration;
			buildSettings = {
				BUNDLE_LOADER = "$(TEST_HOST)";
				INFOPLIST_FILE = UIAttachmentBehaviorTests/Info.plist;
				LD_RUNPATH_SEARCH_PATHS = "$(inherited) @executable_path/Frameworks @loader_path/Frameworks";
				PRODUCT_BUNDLE_IDENTIFIER = com.lizhaoloveit.UIAttachmentBehaviorTests;
				PRODUCT_NAME = "$(TARGET_NAME)";
				TEST_HOST = "$(BUILT_PRODUCTS_DIR)/UIAttachmentBehavior.app/UIAttachmentBehavior";
			};
			name = Release;
		};
		A00695F51C4E45DC00F9AC1B /* Debug */ = {
			isa = XCBuildConfiguration;
			buildSettings = {
				INFOPLIST_FILE = UIAttachmentBehaviorUITests/Info.plist;
				LD_RUNPATH_SEARCH_PATHS = "$(inherited) @executable_path/Frameworks @loader_path/Frameworks";
				PRODUCT_BUNDLE_IDENTIFIER = com.lizhaoloveit.UIAttachmentBehaviorUITests;
				PRODUCT_NAME = "$(TARGET_NAME)";
				TEST_TARGET_NAME = UIAttachmentBehavior;
				USES_XCTRUNNER = YES;
			};
			name = Debug;
		};
		A00695F61C4E45DC00F9AC1B /* Release */ = {
			isa = XCBuildConfiguration;
			buildSettings = {
				INFOPLIST_FILE = UIAttachmentBehaviorUITests/Info.plist;
				LD_RUNPATH_SEARCH_PATHS = "$(inherited) @executable_path/Frameworks @loader_path/Frameworks";
				PRODUCT_BUNDLE_IDENTIFIER = com.lizhaoloveit.UIAttachmentBehaviorUITests;
				PRODUCT_NAME = "$(TARGET_NAME)";
				TEST_TARGET_NAME = UIAttachmentBehavior;
				USES_XCTRUNNER = YES;
			};
			name = Release;
		};
/* End XCBuildConfiguration section */

/* Begin XCConfigurationList section */
		A00695BC1C4E45DC00F9AC1B /* Build configuration list for PBXProject "UIAttachmentBehavior" */ = {
			isa = XCConfigurationList;
			buildConfigurations = (
				A00695EC1C4E45DC00F9AC1B /* Debug */,
				A00695ED1C4E45DC00F9AC1B /* Release */,
			);
			defaultConfigurationIsVisible = 0;
			defaultConfigurationName = Release;
		};
		A00695EE1C4E45DC00F9AC1B /* Build configuration list for PBXNativeTarget "UIAttachmentBehavior" */ = {
			isa = XCConfigurationList;
			buildConfigurations = (
				A00695EF1C4E45DC00F9AC1B /* Debug */,
				A00695F01C4E45DC00F9AC1B /* Release */,
			);
			defaultConfigurationIsVisible = 0;
		};
		A00695F11C4E45DC00F9AC1B /* Build configuration list for PBXNativeTarget "UIAttachmentBehaviorTests" */ = {
			isa = XCConfigurationList;
			buildConfigurations = (
				A00695F21C4E45DC00F9AC1B /* Debug */,
				A00695F31C4E45DC00F9AC1B /* Release */,
			);
			defaultConfigurationIsVisible = 0;
		};
		A00695F41C4E45DC00F9AC1B /* Build configuration list for PBXNativeTarget "UIAttachmentBehaviorUITests" */ = {
			isa = XCConfigurationList;
			buildConfigurations = (
				A00695F51C4E45DC00F9AC1B /* Debug */,
				A00695F61C4E45DC00F9AC1B /* Release */,
			);
			defaultConfigurationIsVisible = 0;
		};
/* End XCConfigurationList section */
	};
	rootObject = A00695B91C4E45DC00F9AC1B /* Project object */;
}
