// !$*UTF8*$!
{
	archiveVersion = 1;
	classes = {
	};
	objectVersion = 46;
	objects = {

/* Begin PBXBuildFile section */
		A00696051C4E74D400F9AC1B /* main.m in Sources */ = {isa = PBXBuildFile; fileRef = A00696041C4E74D400F9AC1B /* main.m */; };
		A00696081C4E74D400F9AC1B /* AppDelegate.m in Sources */ = {isa = PBXBuildFile; fileRef = A00696071C4E74D400F9AC1B /* AppDelegate.m */; };
		A006960B1C4E74D400F9AC1B /* ViewController.m in Sources */ = {isa = PBXBuildFile; fileRef = A006960A1C4E74D400F9AC1B /* ViewController.m */; };
		A006960E1C4E74D400F9AC1B /* Main.storyboard in Resources */ = {isa = PBXBuildFile; fileRef = A006960C1C4E74D400F9AC1B /* Main.storyboard */; };
		A00696101C4E74D400F9AC1B /* Assets.xcassets in Resources */ = {isa = PBXBuildFile; fileRef = A006960F1C4E74D400F9AC1B /* Assets.xcassets */; };
		A00696131C4E74D400F9AC1B /* LaunchScreen.storyboard in Resources */ = {isa = PBXBuildFile; fileRef = A00696111C4E74D400F9AC1B /* LaunchScreen.storyboard */; };
		A006961E1C4E74D400F9AC1B /* UIDynamicItemBehaviorTests.m in Sources */ = {isa = PBXBuildFile; fileRef = A006961D1C4E74D400F9AC1B /* UIDynamicItemBehaviorTests.m */; };
		A00696291C4E74D400F9AC1B /* UIDynamicItemBehaviorUITests.m in Sources */ = {isa = PBXBuildFile; fileRef = A00696281C4E74D400F9AC1B /* UIDynamicItemBehaviorUITests.m */; };
/* End PBXBuildFile section */

/* Begin PBXContainerItemProxy section */
		A006961A1C4E74D400F9AC1B /* PBXContainerItemProxy */ = {
			isa = PBXContainerItemProxy;
			containerPortal = A00695F81C4E74D400F9AC1B /* Project object */;
			proxyType = 1;
			remoteGlobalIDString = A00695FF1C4E74D400F9AC1B;
			remoteInfo = UIDynamicItemBehavior;
		};
		A00696251C4E74D400F9AC1B /* PBXContainerItemProxy */ = {
			isa = PBXContainerItemProxy;
			containerPortal = A00695F81C4E74D400F9AC1B /* Project object */;
			proxyType = 1;
			remoteGlobalIDString = A00695FF1C4E74D400F9AC1B;
			remoteInfo = UIDynamicItemBehavior;
		};
/* End PBXContainerItemProxy section */

/* Begin PBXFileReference section */
		A00696001C4E74D400F9AC1B /* UIDynamicItemBehavior.app */ = {isa = PBXFileReference; explicitFileType = wrapper.application; includeInIndex = 0; path = UIDynamicItemBehavior.app; sourceTree = BUILT_PRODUCTS_DIR; };
		A00696041C4E74D400F9AC1B /* main.m */ = {isa = PBXFileReference; lastKnownFileType = sourcecode.c.objc; path = main.m; sourceTree = "<group>"; };
		A00696061C4E74D400F9AC1B /* AppDelegate.h */ = {isa = PBXFileReference; lastKnownFileType = sourcecode.c.h; path = AppDelegate.h; sourceTree = "<group>"; };
		A00696071C4E74D400F9AC1B /* AppDelegate.m */ = {isa = PBXFileReference; lastKnownFileType = sourcecode.c.objc; path = AppDelegate.m; sourceTree = "<group>"; };
		A00696091C4E74D400F9AC1B /* ViewController.h */ = {isa = PBXFileReference; lastKnownFileType = sourcecode.c.h; path = ViewController.h; sourceTree = "<group>"; };
		A006960A1C4E74D400F9AC1B /* ViewController.m */ = {isa = PBXFileReference; lastKnownFileType = sourcecode.c.objc; path = ViewController.m; sourceTree = "<group>"; };
		A006960D1C4E74D400F9AC1B /* Base */ = {isa = PBXFileReference; lastKnownFileType = file.storyboard; name = Base; path = Base.lproj/Main.storyboard; sourceTree = "<group>"; };
		A006960F1C4E74D400F9AC1B /* Assets.xcassets */ = {isa = PBXFileReference; lastKnownFileType = folder.assetcatalog; path = Assets.xcassets; sourceTree = "<group>"; };
		A00696121C4E74D400F9AC1B /* Base */ = {isa = PBXFileReference; lastKnownFileType = file.storyboard; name = Base; path = Base.lproj/LaunchScreen.storyboard; sourceTree = "<group>"; };
		A00696141C4E74D400F9AC1B /* Info.plist */ = {isa = PBXFileReference; lastKnownFileType = text.plist.xml; path = Info.plist; sourceTree = "<group>"; };
		A00696191C4E74D400F9AC1B /* UIDynamicItemBehaviorTests.xctest */ = {isa = PBXFileReference; explicitFileType = wrapper.cfbundle; includeInIndex = 0; path = UIDynamicItemBehaviorTests.xctest; sourceTree = BUILT_PRODUCTS_DIR; };
		A006961D1C4E74D400F9AC1B /* UIDynamicItemBehaviorTests.m */ = {isa = PBXFileReference; lastKnownFileType = sourcecode.c.objc; path = UIDynamicItemBehaviorTests.m; sourceTree = "<group>"; };
		A006961F1C4E74D400F9AC1B /* Info.plist */ = {isa = PBXFileReference; lastKnownFileType = text.plist.xml; path = Info.plist; sourceTree = "<group>"; };
		A00696241C4E74D400F9AC1B /* UIDynamicItemBehaviorUITests.xctest */ = {isa = PBXFileReference; explicitFileType = wrapper.cfbundle; includeInIndex = 0; path = UIDynamicItemBehaviorUITests.xctest; sourceTree = BUILT_PRODUCTS_DIR; };
		A00696281C4E74D400F9AC1B /* UIDynamicItemBehaviorUITests.m */ = {isa = PBXFileReference; lastKnownFileType = sourcecode.c.objc; path = UIDynamicItemBehaviorUITests.m; sourceTree = "<group>"; };
		A006962A1C4E74D400F9AC1B /* Info.plist */ = {isa = PBXFileReference; lastKnownFileType = text.plist.xml; path = Info.plist; sourceTree = "<group>"; };
/* End PBXFileReference section */

/* Begin PBXFrameworksBuildPhase section */
		A00695FD1C4E74D400F9AC1B /* Frameworks */ = {
			isa = PBXFrameworksBuildPhase;
			buildActionMask = 2147483647;
			files = (
			);
			runOnlyForDeploymentPostprocessing = 0;
		};
		A00696161C4E74D400F9AC1B /* Frameworks */ = {
			isa = PBXFrameworksBuildPhase;
			buildActionMask = 2147483647;
			files = (
			);
			runOnlyForDeploymentPostprocessing = 0;
		};
		A00696211C4E74D400F9AC1B /* Frameworks */ = {
			isa = PBXFrameworksBuildPhase;
			buildActionMask = 2147483647;
			files = (
			);
			runOnlyForDeploymentPostprocessing = 0;
		};
/* End PBXFrameworksBuildPhase section */

/* Begin PBXGroup section */
		A00695F71C4E74D400F9AC1B = {
			isa = PBXGroup;
			children = (
				A00696021C4E74D400F9AC1B /* UIDynamicItemBehavior */,
				A006961C1C4E74D400F9AC1B /* UIDynamicItemBehaviorTests */,
				A00696271C4E74D400F9AC1B /* UIDynamicItemBehaviorUITests */,
				A00696011C4E74D400F9AC1B /* Products */,
			);
			sourceTree = "<group>";
		};
		A00696011C4E74D400F9AC1B /* Products */ = {
			isa = PBXGroup;
			children = (
				A00696001C4E74D400F9AC1B /* UIDynamicItemBehavior.app */,
				A00696191C4E74D400F9AC1B /* UIDynamicItemBehaviorTests.xctest */,
				A00696241C4E74D400F9AC1B /* UIDynamicItemBehaviorUITests.xctest */,
			);
			name = Products;
			sourceTree = "<group>";
		};
		A00696021C4E74D400F9AC1B /* UIDynamicItemBehavior */ = {
			isa = PBXGroup;
			children = (
				A00696061C4E74D400F9AC1B /* AppDelegate.h */,
				A00696071C4E74D400F9AC1B /* AppDelegate.m */,
				A00696091C4E74D400F9AC1B /* ViewController.h */,
				A006960A1C4E74D400F9AC1B /* ViewController.m */,
				A006960C1C4E74D400F9AC1B /* Main.storyboard */,
				A006960F1C4E74D400F9AC1B /* Assets.xcassets */,
				A00696111C4E74D400F9AC1B /* LaunchScreen.storyboard */,
				A00696141C4E74D400F9AC1B /* Info.plist */,
				A00696031C4E74D400F9AC1B /* Supporting Files */,
			);
			path = UIDynamicItemBehavior;
			sourceTree = "<group>";
		};
		A00696031C4E74D400F9AC1B /* Supporting Files */ = {
			isa = PBXGroup;
			children = (
				A00696041C4E74D400F9AC1B /* main.m */,
			);
			name = "Supporting Files";
			sourceTree = "<group>";
		};
		A006961C1C4E74D400F9AC1B /* UIDynamicItemBehaviorTests */ = {
			isa = PBXGroup;
			children = (
				A006961D1C4E74D400F9AC1B /* UIDynamicItemBehaviorTests.m */,
				A006961F1C4E74D400F9AC1B /* Info.plist */,
			);
			path = UIDynamicItemBehaviorTests;
			sourceTree = "<group>";
		};
		A00696271C4E74D400F9AC1B /* UIDynamicItemBehaviorUITests */ = {
			isa = PBXGroup;
			children = (
				A00696281C4E74D400F9AC1B /* UIDynamicItemBehaviorUITests.m */,
				A006962A1C4E74D400F9AC1B /* Info.plist */,
			);
			path = UIDynamicItemBehaviorUITests;
			sourceTree = "<group>";
		};
/* End PBXGroup section */

/* Begin PBXNativeTarget section */
		A00695FF1C4E74D400F9AC1B /* UIDynamicItemBehavior */ = {
			isa = PBXNativeTarget;
			buildConfigurationList = A006962D1C4E74D400F9AC1B /* Build configuration list for PBXNativeTarget "UIDynamicItemBehavior" */;
			buildPhases = (
				A00695FC1C4E74D400F9AC1B /* Sources */,
				A00695FD1C4E74D400F9AC1B /* Frameworks */,
				A00695FE1C4E74D400F9AC1B /* Resources */,
			);
			buildRules = (
			);
			dependencies = (
			);
			name = UIDynamicItemBehavior;
			productName = UIDynamicItemBehavior;
			productReference = A00696001C4E74D400F9AC1B /* UIDynamicItemBehavior.app */;
			productType = "com.apple.product-type.application";
		};
		A00696181C4E74D400F9AC1B /* UIDynamicItemBehaviorTests */ = {
			isa = PBXNativeTarget;
			buildConfigurationList = A00696301C4E74D400F9AC1B /* Build configuration list for PBXNativeTarget "UIDynamicItemBehaviorTests" */;
			buildPhases = (
				A00696151C4E74D400F9AC1B /* Sources */,
				A00696161C4E74D400F9AC1B /* Frameworks */,
				A00696171C4E74D400F9AC1B /* Resources */,
			);
			buildRules = (
			);
			dependencies = (
				A006961B1C4E74D400F9AC1B /* PBXTargetDependency */,
			);
			name = UIDynamicItemBehaviorTests;
			productName = UIDynamicItemBehaviorTests;
			productReference = A00696191C4E74D400F9AC1B /* UIDynamicItemBehaviorTests.xctest */;
			productType = "com.apple.product-type.bundle.unit-test";
		};
		A00696231C4E74D400F9AC1B /* UIDynamicItemBehaviorUITests */ = {
			isa = PBXNativeTarget;
			buildConfigurationList = A00696331C4E74D400F9AC1B /* Build configuration list for PBXNativeTarget "UIDynamicItemBehaviorUITests" */;
			buildPhases = (
				A00696201C4E74D400F9AC1B /* Sources */,
				A00696211C4E74D400F9AC1B /* Frameworks */,
				A00696221C4E74D400F9AC1B /* Resources */,
			);
			buildRules = (
			);
			dependencies = (
				A00696261C4E74D400F9AC1B /* PBXTargetDependency */,
			);
			name = UIDynamicItemBehaviorUITests;
			productName = UIDynamicItemBehaviorUITests;
			productReference = A00696241C4E74D400F9AC1B /* UIDynamicItemBehaviorUITests.xctest */;
			productType = "com.apple.product-type.bundle.ui-testing";
		};
/* End PBXNativeTarget section */

/* Begin PBXProject section */
		A00695F81C4E74D400F9AC1B /* Project object */ = {
			isa = PBXProject;
			attributes = {
				LastUpgradeCheck = 0720;
				ORGANIZATIONNAME = lizhao;
				TargetAttributes = {
					A00695FF1C4E74D400F9AC1B = {
						CreatedOnToolsVersion = 7.2;
						DevelopmentTeam = 92ZKLC8K9P;
					};
					A00696181C4E74D400F9AC1B = {
						CreatedOnToolsVersion = 7.2;
						DevelopmentTeam = 92ZKLC8K9P;
						TestTargetID = A00695FF1C4E74D400F9AC1B;
					};
					A00696231C4E74D400F9AC1B = {
						CreatedOnToolsVersion = 7.2;
						DevelopmentTeam = 92ZKLC8K9P;
						TestTargetID = A00695FF1C4E74D400F9AC1B;
					};
				};
			};
			buildConfigurationList = A00695FB1C4E74D400F9AC1B /* Build configuration list for PBXProject "UIDynamicItemBehavior" */;
			compatibilityVersion = "Xcode 3.2";
			developmentRegion = English;
			hasScannedForEncodings = 0;
			knownRegions = (
				en,
				Base,
			);
			mainGroup = A00695F71C4E74D400F9AC1B;
			productRefGroup = A00696011C4E74D400F9AC1B /* Products */;
			projectDirPath = "";
			projectRoot = "";
			targets = (
				A00695FF1C4E74D400F9AC1B /* UIDynamicItemBehavior */,
				A00696181C4E74D400F9AC1B /* UIDynamicItemBehaviorTests */,
				A00696231C4E74D400F9AC1B /* UIDynamicItemBehaviorUITests */,
			);
		};
/* End PBXProject section */

/* Begin PBXResourcesBuildPhase section */
		A00695FE1C4E74D400F9AC1B /* Resources */ = {
			isa = PBXResourcesBuildPhase;
			buildActionMask = 2147483647;
			files = (
				A00696131C4E74D400F9AC1B /* LaunchScreen.storyboard in Resources */,
				A00696101C4E74D400F9AC1B /* Assets.xcassets in Resources */,
				A006960E1C4E74D400F9AC1B /* Main.storyboard in Resources */,
			);
			runOnlyForDeploymentPostprocessing = 0;
		};
		A00696171C4E74D400F9AC1B /* Resources */ = {
			isa = PBXResourcesBuildPhase;
			buildActionMask = 2147483647;
			files = (
			);
			runOnlyForDeploymentPostprocessing = 0;
		};
		A00696221C4E74D400F9AC1B /* Resources */ = {
			isa = PBXResourcesBuildPhase;
			buildActionMask = 2147483647;
			files = (
			);
			runOnlyForDeploymentPostprocessing = 0;
		};
/* End PBXResourcesBuildPhase section */

/* Begin PBXSourcesBuildPhase section */
		A00695FC1C4E74D400F9AC1B /* Sources */ = {
			isa = PBXSourcesBuildPhase;
			buildActionMask = 2147483647;
			files = (
				A006960B1C4E74D400F9AC1B /* ViewController.m in Sources */,
				A00696081C4E74D400F9AC1B /* AppDelegate.m in Sources */,
				A00696051C4E74D400F9AC1B /* main.m in Sources */,
			);
			runOnlyForDeploymentPostprocessing = 0;
		};
		A00696151C4E74D400F9AC1B /* Sources */ = {
			isa = PBXSourcesBuildPhase;
			buildActionMask = 2147483647;
			files = (
				A006961E1C4E74D400F9AC1B /* UIDynamicItemBehaviorTests.m in Sources */,
			);
			runOnlyForDeploymentPostprocessing = 0;
		};
		A00696201C4E74D400F9AC1B /* Sources */ = {
			isa = PBXSourcesBuildPhase;
			buildActionMask = 2147483647;
			files = (
				A00696291C4E74D400F9AC1B /* UIDynamicItemBehaviorUITests.m in Sources */,
			);
			runOnlyForDeploymentPostprocessing = 0;
		};
/* End PBXSourcesBuildPhase section */

/* Begin PBXTargetDependency section */
		A006961B1C4E74D400F9AC1B /* PBXTargetDependency */ = {
			isa = PBXTargetDependency;
			target = A00695FF1C4E74D400F9AC1B /* UIDynamicItemBehavior */;
			targetProxy = A006961A1C4E74D400F9AC1B /* PBXContainerItemProxy */;
		};
		A00696261C4E74D400F9AC1B /* PBXTargetDependency */ = {
			isa = PBXTargetDependency;
			target = A00695FF1C4E74D400F9AC1B /* UIDynamicItemBehavior */;
			targetProxy = A00696251C4E74D400F9AC1B /* PBXContainerItemProxy */;
		};
/* End PBXTargetDependency section */

/* Begin PBXVariantGroup section */
		A006960C1C4E74D400F9AC1B /* Main.storyboard */ = {
			isa = PBXVariantGroup;
			children = (
				A006960D1C4E74D400F9AC1B /* Base */,
			);
			name = Main.storyboard;
			sourceTree = "<group>";
		};
		A00696111C4E74D400F9AC1B /* LaunchScreen.storyboard */ = {
			isa = PBXVariantGroup;
			children = (
				A00696121C4E74D400F9AC1B /* Base */,
			);
			name = LaunchScreen.storyboard;
			sourceTree = "<group>";
		};
/* End PBXVariantGroup section */

/* Begin XCBuildConfiguration section */
		A006962B1C4E74D400F9AC1B /* Debug */ = {
			isa = XCBuildConfiguration;
			buildSettings = {
				ALWAYS_SEARCH_USER_PATHS = NO;
				CLANG_CXX_LANGUAGE_STANDARD = "gnu++0x";
				CLANG_CXX_LIBRARY = "libc++";
				CLANG_ENABLE_MODULES = YES;
				CLANG_ENABLE_OBJC_ARC = YES;
				CLANG_WARN_BOOL_CONVERSION = YES;
				CLANG_WARN_CONSTANT_CONVERSION = YES;
				CLANG_WARN_DIRECT_OBJC_ISA_USAGE = YES_ERROR;
				CLANG_WARN_EMPTY_BODY = YES;
				CLANG_WARN_ENUM_CONVERSION = YES;
				CLANG_WARN_INT_CONVERSION = YES;
				CLANG_WARN_OBJC_ROOT_CLASS = YES_ERROR;
				CLANG_WARN_UNREACHABLE_CODE = YES;
				CLANG_WARN__DUPLICATE_METHOD_MATCH = YES;
				"CODE_SIGN_IDENTITY[sdk=iphoneos*]" = "iPhone Developer";
				COPY_PHASE_STRIP = NO;
				DEBUG_INFORMATION_FORMAT = dwarf;
				ENABLE_STRICT_OBJC_MSGSEND = YES;
				ENABLE_TESTABILITY = YES;
				GCC_C_LANGUAGE_STANDARD = gnu99;
				GCC_DYNAMIC_NO_PIC = NO;
				GCC_NO_COMMON_BLOCKS = YES;
				GCC_OPTIMIZATION_LEVEL = 0;
				GCC_PREPROCESSOR_DEFINITIONS = (
					"DEBUG=1",
					"$(inherited)",
				);
				GCC_WARN_64_TO_32_BIT_CONVERSION = YES;
				GCC_WARN_ABOUT_RETURN_TYPE = YES_ERROR;
				GCC_WARN_UNDECLARED_SELECTOR = YES;
				GCC_WARN_UNINITIALIZED_AUTOS = YES_AGGRESSIVE;
				GCC_WARN_UNUSED_FUNCTION = YES;
				GCC_WARN_UNUSED_VARIABLE = YES;
				IPHONEOS_DEPLOYMENT_TARGET = 9.2;
				MTL_ENABLE_DEBUG_INFO = YES;
				ONLY_ACTIVE_ARCH = YES;
				SDKROOT = iphoneos;
			};
			name = Debug;
		};
		A006962C1C4E74D400F9AC1B /* Release */ = {
			isa = XCBuildConfiguration;
			buildSettings = {
				ALWAYS_SEARCH_USER_PATHS = NO;
				CLANG_CXX_LANGUAGE_STANDARD = "gnu++0x";
				CLANG_CXX_LIBRARY = "libc++";
				CLANG_ENABLE_MODULES = YES;
				CLANG_ENABLE_OBJC_ARC = YES;
				CLANG_WARN_BOOL_CONVERSION = YES;
				CLANG_WARN_CONSTANT_CONVERSION = YES;
				CLANG_WARN_DIRECT_OBJC_ISA_USAGE = YES_ERROR;
				CLANG_WARN_EMPTY_BODY = YES;
				CLANG_WARN_ENUM_CONVERSION = YES;
				CLANG_WARN_INT_CONVERSION = YES;
				CLANG_WARN_OBJC_ROOT_CLASS = YES_ERROR;
				CLANG_WARN_UNREACHABLE_CODE = YES;
				CLANG_WARN__DUPLICATE_METHOD_MATCH = YES;
				"CODE_SIGN_IDENTITY[sdk=iphoneos*]" = "iPhone Developer";
				COPY_PHASE_STRIP = NO;
				DEBUG_INFORMATION_FORMAT = "dwarf-with-dsym";
				ENABLE_NS_ASSERTIONS = NO;
				ENABLE_STRICT_OBJC_MSGSEND = YES;
				GCC_C_LANGUAGE_STANDARD = gnu99;
				GCC_NO_COMMON_BLOCKS = YES;
				GCC_WARN_64_TO_32_BIT_CONVERSION = YES;
				GCC_WARN_ABOUT_RETURN_TYPE = YES_ERROR;
				GCC_WARN_UNDECLARED_SELECTOR = YES;
				GCC_WARN_UNINITIALIZED_AUTOS = YES_AGGRESSIVE;
				GCC_WARN_UNUSED_FUNCTION = YES;
				GCC_WARN_UNUSED_VARIABLE = YES;
				IPHONEOS_DEPLOYMENT_TARGET = 9.2;
				MTL_ENABLE_DEBUG_INFO = NO;
				SDKROOT = iphoneos;
				VALIDATE_PRODUCT = YES;
			};
			name = Release;
		};
		A006962E1C4E74D400F9AC1B /* Debug */ = {
			isa = XCBuildConfiguration;
			buildSettings = {
				ASSETCATALOG_COMPILER_APPICON_NAME = AppIcon;
				INFOPLIST_FILE = UIDynamicItemBehavior/Info.plist;
				LD_RUNPATH_SEARCH_PATHS = "$(inherited) @executable_path/Frameworks";
				PRODUCT_BUNDLE_IDENTIFIER = com.lizhaoloveit.UIDynamicItemBehavior;
				PRODUCT_NAME = "$(TARGET_NAME)";
			};
			name = Debug;
		};
		A006962F1C4E74D400F9AC1B /* Release */ = {
			isa = XCBuildConfiguration;
			buildSettings = {
				ASSETCATALOG_COMPILER_APPICON_NAME = AppIcon;
				INFOPLIST_FILE = UIDynamicItemBehavior/Info.plist;
				LD_RUNPATH_SEARCH_PATHS = "$(inherited) @executable_path/Frameworks";
				PRODUCT_BUNDLE_IDENTIFIER = com.lizhaoloveit.UIDynamicItemBehavior;
				PRODUCT_NAME = "$(TARGET_NAME)";
			};
			name = Release;
		};
		A00696311C4E74D400F9AC1B /* Debug */ = {
			isa = XCBuildConfiguration;
			buildSettings = {
				BUNDLE_LOADER = "$(TEST_HOST)";
				INFOPLIST_FILE = UIDynamicItemBehaviorTests/Info.plist;
				LD_RUNPATH_SEARCH_PATHS = "$(inherited) @executable_path/Frameworks @loader_path/Frameworks";
				PRODUCT_BUNDLE_IDENTIFIER = com.lizhaoloveit.UIDynamicItemBehaviorTests;
				PRODUCT_NAME = "$(TARGET_NAME)";
				TEST_HOST = "$(BUILT_PRODUCTS_DIR)/UIDynamicItemBehavior.app/UIDynamicItemBehavior";
			};
			name = Debug;
		};
		A00696321C4E74D400F9AC1B /* Release */ = {
			isa = XCBuildConfiguration;
			buildSettings = {
				BUNDLE_LOADER = "$(TEST_HOST)";
				INFOPLIST_FILE = UIDynamicItemBehaviorTests/Info.plist;
				LD_RUNPATH_SEARCH_PATHS = "$(inherited) @executable_path/Frameworks @loader_path/Frameworks";
				PRODUCT_BUNDLE_IDENTIFIER = com.lizhaoloveit.UIDynamicItemBehaviorTests;
				PRODUCT_NAME = "$(TARGET_NAME)";
				TEST_HOST = "$(BUILT_PRODUCTS_DIR)/UIDynamicItemBehavior.app/UIDynamicItemBehavior";
			};
			name = Release;
		};
		A00696341C4E74D400F9AC1B /* Debug */ = {
			isa = XCBuildConfiguration;
			buildSettings = {
				INFOPLIST_FILE = UIDynamicItemBehaviorUITests/Info.plist;
				LD_RUNPATH_SEARCH_PATHS = "$(inherited) @executable_path/Frameworks @loader_path/Frameworks";
				PRODUCT_BUNDLE_IDENTIFIER = com.lizhaoloveit.UIDynamicItemBehaviorUITests;
				PRODUCT_NAME = "$(TARGET_NAME)";
				TEST_TARGET_NAME = UIDynamicItemBehavior;
				USES_XCTRUNNER = YES;
			};
			name = Debug;
		};
		A00696351C4E74D400F9AC1B /* Release */ = {
			isa = XCBuildConfiguration;
			buildSettings = {
				INFOPLIST_FILE = UIDynamicItemBehaviorUITests/Info.plist;
				LD_RUNPATH_SEARCH_PATHS = "$(inherited) @executable_path/Frameworks @loader_path/Frameworks";
				PRODUCT_BUNDLE_IDENTIFIER = com.lizhaoloveit.UIDynamicItemBehaviorUITests;
				PRODUCT_NAME = "$(TARGET_NAME)";
				TEST_TARGET_NAME = UIDynamicItemBehavior;
				USES_XCTRUNNER = YES;
			};
			name = Release;
		};
/* End XCBuildConfiguration section */

/* Begin XCConfigurationList section */
		A00695FB1C4E74D400F9AC1B /* Build configuration list for PBXProject "UIDynamicItemBehavior" */ = {
			isa = XCConfigurationList;
			buildConfigurations = (
				A006962B1C4E74D400F9AC1B /* Debug */,
				A006962C1C4E74D400F9AC1B /* Release */,
			);
			defaultConfigurationIsVisible = 0;
			defaultConfigurationName = Release;
		};
		A006962D1C4E74D400F9AC1B /* Build configuration list for PBXNativeTarget "UIDynamicItemBehavior" */ = {
			isa = XCConfigurationList;
			buildConfigurations = (
				A006962E1C4E74D400F9AC1B /* Debug */,
				A006962F1C4E74D400F9AC1B /* Release */,
			);
			defaultConfigurationIsVisible = 0;
		};
		A00696301C4E74D400F9AC1B /* Build configuration list for PBXNativeTarget "UIDynamicItemBehaviorTests" */ = {
			isa = XCConfigurationList;
			buildConfigurations = (
				A00696311C4E74D400F9AC1B /* Debug */,
				A00696321C4E74D400F9AC1B /* Release */,
			);
			defaultConfigurationIsVisible = 0;
		};
		A00696331C4E74D400F9AC1B /* Build configuration list for PBXNativeTarget "UIDynamicItemBehaviorUITests" */ = {
			isa = XCConfigurationList;
			buildConfigurations = (
				A00696341C4E74D400F9AC1B /* Debug */,
				A00696351C4E74D400F9AC1B /* Release */,
			);
			defaultConfigurationIsVisible = 0;
		};
/* End XCConfigurationList section */
	};
	rootObject = A00695F81C4E74D400F9AC1B /* Project object */;
}
