// !$*UTF8*$!
{
	archiveVersion = 1;
	classes = {
	};
	objectVersion = 46;
	objects = {

/* Begin PBXBuildFile section */
		A00695091C4DDF1300F9AC1B /* main.m in Sources */ = {isa = PBXBuildFile; fileRef = A00695081C4DDF1300F9AC1B /* main.m */; };
		A006950C1C4DDF1300F9AC1B /* AppDelegate.m in Sources */ = {isa = PBXBuildFile; fileRef = A006950B1C4DDF1300F9AC1B /* AppDelegate.m */; };
		A006950F1C4DDF1300F9AC1B /* ViewController.m in Sources */ = {isa = PBXBuildFile; fileRef = A006950E1C4DDF1300F9AC1B /* ViewController.m */; };
		A00695121C4DDF1300F9AC1B /* Main.storyboard in Resources */ = {isa = PBXBuildFile; fileRef = A00695101C4DDF1300F9AC1B /* Main.storyboard */; };
		A00695141C4DDF1300F9AC1B /* Assets.xcassets in Resources */ = {isa = PBXBuildFile; fileRef = A00695131C4DDF1300F9AC1B /* Assets.xcassets */; };
		A00695171C4DDF1300F9AC1B /* LaunchScreen.storyboard in Resources */ = {isa = PBXBuildFile; fileRef = A00695151C4DDF1300F9AC1B /* LaunchScreen.storyboard */; };
		A00695221C4DDF1300F9AC1B /* UIDynamicTests.m in Sources */ = {isa = PBXBuildFile; fileRef = A00695211C4DDF1300F9AC1B /* UIDynamicTests.m */; };
		A006952D1C4DDF1300F9AC1B /* UIDynamicUITests.m in Sources */ = {isa = PBXBuildFile; fileRef = A006952C1C4DDF1300F9AC1B /* UIDynamicUITests.m */; };
/* End PBXBuildFile section */

/* Begin PBXContainerItemProxy section */
		A006951E1C4DDF1300F9AC1B /* PBXContainerItemProxy */ = {
			isa = PBXContainerItemProxy;
			containerPortal = A00694FC1C4DDF1300F9AC1B /* Project object */;
			proxyType = 1;
			remoteGlobalIDString = A00695031C4DDF1300F9AC1B;
			remoteInfo = UIDynamic;
		};
		A00695291C4DDF1300F9AC1B /* PBXContainerItemProxy */ = {
			isa = PBXContainerItemProxy;
			containerPortal = A00694FC1C4DDF1300F9AC1B /* Project object */;
			proxyType = 1;
			remoteGlobalIDString = A00695031C4DDF1300F9AC1B;
			remoteInfo = UIDynamic;
		};
/* End PBXContainerItemProxy section */

/* Begin PBXFileReference section */
		A00695041C4DDF1300F9AC1B /* UIDynamic.app */ = {isa = PBXFileReference; explicitFileType = wrapper.application; includeInIndex = 0; path = UIDynamic.app; sourceTree = BUILT_PRODUCTS_DIR; };
		A00695081C4DDF1300F9AC1B /* main.m */ = {isa = PBXFileReference; lastKnownFileType = sourcecode.c.objc; path = main.m; sourceTree = "<group>"; };
		A006950A1C4DDF1300F9AC1B /* AppDelegate.h */ = {isa = PBXFileReference; lastKnownFileType = sourcecode.c.h; path = AppDelegate.h; sourceTree = "<group>"; };
		A006950B1C4DDF1300F9AC1B /* AppDelegate.m */ = {isa = PBXFileReference; lastKnownFileType = sourcecode.c.objc; path = AppDelegate.m; sourceTree = "<group>"; };
		A006950D1C4DDF1300F9AC1B /* ViewController.h */ = {isa = PBXFileReference; lastKnownFileType = sourcecode.c.h; path = ViewController.h; sourceTree = "<group>"; };
		A006950E1C4DDF1300F9AC1B /* ViewController.m */ = {isa = PBXFileReference; lastKnownFileType = sourcecode.c.objc; path = ViewController.m; sourceTree = "<group>"; };
		A00695111C4DDF1300F9AC1B /* Base */ = {isa = PBXFileReference; lastKnownFileType = file.storyboard; name = Base; path = Base.lproj/Main.storyboard; sourceTree = "<group>"; };
		A00695131C4DDF1300F9AC1B /* Assets.xcassets */ = {isa = PBXFileReference; lastKnownFileType = folder.assetcatalog; path = Assets.xcassets; sourceTree = "<group>"; };
		A00695161C4DDF1300F9AC1B /* Base */ = {isa = PBXFileReference; lastKnownFileType = file.storyboard; name = Base; path = Base.lproj/LaunchScreen.storyboard; sourceTree = "<group>"; };
		A00695181C4DDF1300F9AC1B /* Info.plist */ = {isa = PBXFileReference; lastKnownFileType = text.plist.xml; path = Info.plist; sourceTree = "<group>"; };
		A006951D1C4DDF1300F9AC1B /* UIDynamicTests.xctest */ = {isa = PBXFileReference; explicitFileType = wrapper.cfbundle; includeInIndex = 0; path = UIDynamicTests.xctest; sourceTree = BUILT_PRODUCTS_DIR; };
		A00695211C4DDF1300F9AC1B /* UIDynamicTests.m */ = {isa = PBXFileReference; lastKnownFileType = sourcecode.c.objc; path = UIDynamicTests.m; sourceTree = "<group>"; };
		A00695231C4DDF1300F9AC1B /* Info.plist */ = {isa = PBXFileReference; lastKnownFileType = text.plist.xml; path = Info.plist; sourceTree = "<group>"; };
		A00695281C4DDF1300F9AC1B /* UIDynamicUITests.xctest */ = {isa = PBXFileReference; explicitFileType = wrapper.cfbundle; includeInIndex = 0; path = UIDynamicUITests.xctest; sourceTree = BUILT_PRODUCTS_DIR; };
		A006952C1C4DDF1300F9AC1B /* UIDynamicUITests.m */ = {isa = PBXFileReference; lastKnownFileType = sourcecode.c.objc; path = UIDynamicUITests.m; sourceTree = "<group>"; };
		A006952E1C4DDF1300F9AC1B /* Info.plist */ = {isa = PBXFileReference; lastKnownFileType = text.plist.xml; path = Info.plist; sourceTree = "<group>"; };
/* End PBXFileReference section */

/* Begin PBXFrameworksBuildPhase section */
		A00695011C4DDF1300F9AC1B /* Frameworks */ = {
			isa = PBXFrameworksBuildPhase;
			buildActionMask = 2147483647;
			files = (
			);
			runOnlyForDeploymentPostprocessing = 0;
		};
		A006951A1C4DDF1300F9AC1B /* Frameworks */ = {
			isa = PBXFrameworksBuildPhase;
			buildActionMask = 2147483647;
			files = (
			);
			runOnlyForDeploymentPostprocessing = 0;
		};
		A00695251C4DDF1300F9AC1B /* Frameworks */ = {
			isa = PBXFrameworksBuildPhase;
			buildActionMask = 2147483647;
			files = (
			);
			runOnlyForDeploymentPostprocessing = 0;
		};
/* End PBXFrameworksBuildPhase section */

/* Begin PBXGroup section */
		A00694FB1C4DDF1300F9AC1B = {
			isa = PBXGroup;
			children = (
				A00695061C4DDF1300F9AC1B /* UIDynamic */,
				A00695201C4DDF1300F9AC1B /* UIDynamicTests */,
				A006952B1C4DDF1300F9AC1B /* UIDynamicUITests */,
				A00695051C4DDF1300F9AC1B /* Products */,
			);
			sourceTree = "<group>";
		};
		A00695051C4DDF1300F9AC1B /* Products */ = {
			isa = PBXGroup;
			children = (
				A00695041C4DDF1300F9AC1B /* UIDynamic.app */,
				A006951D1C4DDF1300F9AC1B /* UIDynamicTests.xctest */,
				A00695281C4DDF1300F9AC1B /* UIDynamicUITests.xctest */,
			);
			name = Products;
			sourceTree = "<group>";
		};
		A00695061C4DDF1300F9AC1B /* UIDynamic */ = {
			isa = PBXGroup;
			children = (
				A006950A1C4DDF1300F9AC1B /* AppDelegate.h */,
				A006950B1C4DDF1300F9AC1B /* AppDelegate.m */,
				A006950D1C4DDF1300F9AC1B /* ViewController.h */,
				A006950E1C4DDF1300F9AC1B /* ViewController.m */,
				A00695101C4DDF1300F9AC1B /* Main.storyboard */,
				A00695131C4DDF1300F9AC1B /* Assets.xcassets */,
				A00695151C4DDF1300F9AC1B /* LaunchScreen.storyboard */,
				A00695181C4DDF1300F9AC1B /* Info.plist */,
				A00695071C4DDF1300F9AC1B /* Supporting Files */,
			);
			path = UIDynamic;
			sourceTree = "<group>";
		};
		A00695071C4DDF1300F9AC1B /* Supporting Files */ = {
			isa = PBXGroup;
			children = (
				A00695081C4DDF1300F9AC1B /* main.m */,
			);
			name = "Supporting Files";
			sourceTree = "<group>";
		};
		A00695201C4DDF1300F9AC1B /* UIDynamicTests */ = {
			isa = PBXGroup;
			children = (
				A00695211C4DDF1300F9AC1B /* UIDynamicTests.m */,
				A00695231C4DDF1300F9AC1B /* Info.plist */,
			);
			path = UIDynamicTests;
			sourceTree = "<group>";
		};
		A006952B1C4DDF1300F9AC1B /* UIDynamicUITests */ = {
			isa = PBXGroup;
			children = (
				A006952C1C4DDF1300F9AC1B /* UIDynamicUITests.m */,
				A006952E1C4DDF1300F9AC1B /* Info.plist */,
			);
			path = UIDynamicUITests;
			sourceTree = "<group>";
		};
/* End PBXGroup section */

/* Begin PBXNativeTarget section */
		A00695031C4DDF1300F9AC1B /* UIDynamic */ = {
			isa = PBXNativeTarget;
			buildConfigurationList = A00695311C4DDF1300F9AC1B /* Build configuration list for PBXNativeTarget "UIDynamic" */;
			buildPhases = (
				A00695001C4DDF1300F9AC1B /* Sources */,
				A00695011C4DDF1300F9AC1B /* Frameworks */,
				A00695021C4DDF1300F9AC1B /* Resources */,
			);
			buildRules = (
			);
			dependencies = (
			);
			name = UIDynamic;
			productName = UIDynamic;
			productReference = A00695041C4DDF1300F9AC1B /* UIDynamic.app */;
			productType = "com.apple.product-type.application";
		};
		A006951C1C4DDF1300F9AC1B /* UIDynamicTests */ = {
			isa = PBXNativeTarget;
			buildConfigurationList = A00695341C4DDF1300F9AC1B /* Build configuration list for PBXNativeTarget "UIDynamicTests" */;
			buildPhases = (
				A00695191C4DDF1300F9AC1B /* Sources */,
				A006951A1C4DDF1300F9AC1B /* Frameworks */,
				A006951B1C4DDF1300F9AC1B /* Resources */,
			);
			buildRules = (
			);
			dependencies = (
				A006951F1C4DDF1300F9AC1B /* PBXTargetDependency */,
			);
			name = UIDynamicTests;
			productName = UIDynamicTests;
			productReference = A006951D1C4DDF1300F9AC1B /* UIDynamicTests.xctest */;
			productType = "com.apple.product-type.bundle.unit-test";
		};
		A00695271C4DDF1300F9AC1B /* UIDynamicUITests */ = {
			isa = PBXNativeTarget;
			buildConfigurationList = A00695371C4DDF1300F9AC1B /* Build configuration list for PBXNativeTarget "UIDynamicUITests" */;
			buildPhases = (
				A00695241C4DDF1300F9AC1B /* Sources */,
				A00695251C4DDF1300F9AC1B /* Frameworks */,
				A00695261C4DDF1300F9AC1B /* Resources */,
			);
			buildRules = (
			);
			dependencies = (
				A006952A1C4DDF1300F9AC1B /* PBXTargetDependency */,
			);
			name = UIDynamicUITests;
			productName = UIDynamicUITests;
			productReference = A00695281C4DDF1300F9AC1B /* UIDynamicUITests.xctest */;
			productType = "com.apple.product-type.bundle.ui-testing";
		};
/* End PBXNativeTarget section */

/* Begin PBXProject section */
		A00694FC1C4DDF1300F9AC1B /* Project object */ = {
			isa = PBXProject;
			attributes = {
				LastUpgradeCheck = 0720;
				ORGANIZATIONNAME = lizhao;
				TargetAttributes = {
					A00695031C4DDF1300F9AC1B = {
						CreatedOnToolsVersion = 7.2;
						DevelopmentTeam = 92ZKLC8K9P;
					};
					A006951C1C4DDF1300F9AC1B = {
						CreatedOnToolsVersion = 7.2;
						DevelopmentTeam = 92ZKLC8K9P;
						TestTargetID = A00695031C4DDF1300F9AC1B;
					};
					A00695271C4DDF1300F9AC1B = {
						CreatedOnToolsVersion = 7.2;
						DevelopmentTeam = 92ZKLC8K9P;
						TestTargetID = A00695031C4DDF1300F9AC1B;
					};
				};
			};
			buildConfigurationList = A00694FF1C4DDF1300F9AC1B /* Build configuration list for PBXProject "UIDynamic" */;
			compatibilityVersion = "Xcode 3.2";
			developmentRegion = English;
			hasScannedForEncodings = 0;
			knownRegions = (
				en,
				Base,
			);
			mainGroup = A00694FB1C4DDF1300F9AC1B;
			productRefGroup = A00695051C4DDF1300F9AC1B /* Products */;
			projectDirPath = "";
			projectRoot = "";
			targets = (
				A00695031C4DDF1300F9AC1B /* UIDynamic */,
				A006951C1C4DDF1300F9AC1B /* UIDynamicTests */,
				A00695271C4DDF1300F9AC1B /* UIDynamicUITests */,
			);
		};
/* End PBXProject section */

/* Begin PBXResourcesBuildPhase section */
		A00695021C4DDF1300F9AC1B /* Resources */ = {
			isa = PBXResourcesBuildPhase;
			buildActionMask = 2147483647;
			files = (
				A00695171C4DDF1300F9AC1B /* LaunchScreen.storyboard in Resources */,
				A00695141C4DDF1300F9AC1B /* Assets.xcassets in Resources */,
				A00695121C4DDF1300F9AC1B /* Main.storyboard in Resources */,
			);
			runOnlyForDeploymentPostprocessing = 0;
		};
		A006951B1C4DDF1300F9AC1B /* Resources */ = {
			isa = PBXResourcesBuildPhase;
			buildActionMask = 2147483647;
			files = (
			);
			runOnlyForDeploymentPostprocessing = 0;
		};
		A00695261C4DDF1300F9AC1B /* Resources */ = {
			isa = PBXResourcesBuildPhase;
			buildActionMask = 2147483647;
			files = (
			);
			runOnlyForDeploymentPostprocessing = 0;
		};
/* End PBXResourcesBuildPhase section */

/* Begin PBXSourcesBuildPhase section */
		A00695001C4DDF1300F9AC1B /* Sources */ = {
			isa = PBXSourcesBuildPhase;
			buildActionMask = 2147483647;
			files = (
				A006950F1C4DDF1300F9AC1B /* ViewController.m in Sources */,
				A006950C1C4DDF1300F9AC1B /* AppDelegate.m in Sources */,
				A00695091C4DDF1300F9AC1B /* main.m in Sources */,
			);
			runOnlyForDeploymentPostprocessing = 0;
		};
		A00695191C4DDF1300F9AC1B /* Sources */ = {
			isa = PBXSourcesBuildPhase;
			buildActionMask = 2147483647;
			files = (
				A00695221C4DDF1300F9AC1B /* UIDynamicTests.m in Sources */,
			);
			runOnlyForDeploymentPostprocessing = 0;
		};
		A00695241C4DDF1300F9AC1B /* Sources */ = {
			isa = PBXSourcesBuildPhase;
			buildActionMask = 2147483647;
			files = (
				A006952D1C4DDF1300F9AC1B /* UIDynamicUITests.m in Sources */,
			);
			runOnlyForDeploymentPostprocessing = 0;
		};
/* End PBXSourcesBuildPhase section */

/* Begin PBXTargetDependency section */
		A006951F1C4DDF1300F9AC1B /* PBXTargetDependency */ = {
			isa = PBXTargetDependency;
			target = A00695031C4DDF1300F9AC1B /* UIDynamic */;
			targetProxy = A006951E1C4DDF1300F9AC1B /* PBXContainerItemProxy */;
		};
		A006952A1C4DDF1300F9AC1B /* PBXTargetDependency */ = {
			isa = PBXTargetDependency;
			target = A00695031C4DDF1300F9AC1B /* UIDynamic */;
			targetProxy = A00695291C4DDF1300F9AC1B /* PBXContainerItemProxy */;
		};
/* End PBXTargetDependency section */

/* Begin PBXVariantGroup section */
		A00695101C4DDF1300F9AC1B /* Main.storyboard */ = {
			isa = PBXVariantGroup;
			children = (
				A00695111C4DDF1300F9AC1B /* Base */,
			);
			name = Main.storyboard;
			sourceTree = "<group>";
		};
		A00695151C4DDF1300F9AC1B /* LaunchScreen.storyboard */ = {
			isa = PBXVariantGroup;
			children = (
				A00695161C4DDF1300F9AC1B /* Base */,
			);
			name = LaunchScreen.storyboard;
			sourceTree = "<group>";
		};
/* End PBXVariantGroup section */

/* Begin XCBuildConfiguration section */
		A006952F1C4DDF1300F9AC1B /* Debug */ = {
			isa = XCBuildConfiguration;
			buildSettings = {
				ALWAYS_SEARCH_USER_PATHS = NO;
				CLANG_CXX_LANGUAGE_STANDARD = "gnu++0x";
				CLANG_CXX_LIBRARY = "libc++";
				CLANG_ENABLE_MODULES = YES;
				CLANG_ENABLE_OBJC_ARC = YES;
				CLANG_WARN_BOOL_CONVERSION = YES;
				CLANG_WARN_CONSTANT_CONVERSION = YES;
				CLANG_WARN_DIRECT_OBJC_ISA_USAGE = YES_ERROR;
				CLANG_WARN_EMPTY_BODY = YES;
				CLANG_WARN_ENUM_CONVERSION = YES;
				CLANG_WARN_INT_CONVERSION = YES;
				CLANG_WARN_OBJC_ROOT_CLASS = YES_ERROR;
				CLANG_WARN_UNREACHABLE_CODE = YES;
				CLANG_WARN__DUPLICATE_METHOD_MATCH = YES;
				"CODE_SIGN_IDENTITY[sdk=iphoneos*]" = "iPhone Developer";
				COPY_PHASE_STRIP = NO;
				DEBUG_INFORMATION_FORMAT = dwarf;
				ENABLE_STRICT_OBJC_MSGSEND = YES;
				ENABLE_TESTABILITY = YES;
				GCC_C_LANGUAGE_STANDARD = gnu99;
				GCC_DYNAMIC_NO_PIC = NO;
				GCC_NO_COMMON_BLOCKS = YES;
				GCC_OPTIMIZATION_LEVEL = 0;
				GCC_PREPROCESSOR_DEFINITIONS = (
					"DEBUG=1",
					"$(inherited)",
				);
				GCC_WARN_64_TO_32_BIT_CONVERSION = YES;
				GCC_WARN_ABOUT_RETURN_TYPE = YES_ERROR;
				GCC_WARN_UNDECLARED_SELECTOR = YES;
				GCC_WARN_UNINITIALIZED_AUTOS = YES_AGGRESSIVE;
				GCC_WARN_UNUSED_FUNCTION = YES;
				GCC_WARN_UNUSED_VARIABLE = YES;
				IPHONEOS_DEPLOYMENT_TARGET = 9.2;
				MTL_ENABLE_DEBUG_INFO = YES;
				ONLY_ACTIVE_ARCH = YES;
				SDKROOT = iphoneos;
			};
			name = Debug;
		};
		A00695301C4DDF1300F9AC1B /* Release */ = {
			isa = XCBuildConfiguration;
			buildSettings = {
				ALWAYS_SEARCH_USER_PATHS = NO;
				CLANG_CXX_LANGUAGE_STANDARD = "gnu++0x";
				CLANG_CXX_LIBRARY = "libc++";
				CLANG_ENABLE_MODULES = YES;
				CLANG_ENABLE_OBJC_ARC = YES;
				CLANG_WARN_BOOL_CONVERSION = YES;
				CLANG_WARN_CONSTANT_CONVERSION = YES;
				CLANG_WARN_DIRECT_OBJC_ISA_USAGE = YES_ERROR;
				CLANG_WARN_EMPTY_BODY = YES;
				CLANG_WARN_ENUM_CONVERSION = YES;
				CLANG_WARN_INT_CONVERSION = YES;
				CLANG_WARN_OBJC_ROOT_CLASS = YES_ERROR;
				CLANG_WARN_UNREACHABLE_CODE = YES;
				CLANG_WARN__DUPLICATE_METHOD_MATCH = YES;
				"CODE_SIGN_IDENTITY[sdk=iphoneos*]" = "iPhone Developer";
				COPY_PHASE_STRIP = NO;
				DEBUG_INFORMATION_FORMAT = "dwarf-with-dsym";
				ENABLE_NS_ASSERTIONS = NO;
				ENABLE_STRICT_OBJC_MSGSEND = YES;
				GCC_C_LANGUAGE_STANDARD = gnu99;
				GCC_NO_COMMON_BLOCKS = YES;
				GCC_WARN_64_TO_32_BIT_CONVERSION = YES;
				GCC_WARN_ABOUT_RETURN_TYPE = YES_ERROR;
				GCC_WARN_UNDECLARED_SELECTOR = YES;
				GCC_WARN_UNINITIALIZED_AUTOS = YES_AGGRESSIVE;
				GCC_WARN_UNUSED_FUNCTION = YES;
				GCC_WARN_UNUSED_VARIABLE = YES;
				IPHONEOS_DEPLOYMENT_TARGET = 9.2;
				MTL_ENABLE_DEBUG_INFO = NO;
				SDKROOT = iphoneos;
				VALIDATE_PRODUCT = YES;
			};
			name = Release;
		};
		A00695321C4DDF1300F9AC1B /* Debug */ = {
			isa = XCBuildConfiguration;
			buildSettings = {
				ASSETCATALOG_COMPILER_APPICON_NAME = AppIcon;
				INFOPLIST_FILE = UIDynamic/Info.plist;
				LD_RUNPATH_SEARCH_PATHS = "$(inherited) @executable_path/Frameworks";
				PRODUCT_BUNDLE_IDENTIFIER = com.lizhaoloveit.UIDynamic;
				PRODUCT_NAME = "$(TARGET_NAME)";
			};
			name = Debug;
		};
		A00695331C4DDF1300F9AC1B /* Release */ = {
			isa = XCBuildConfiguration;
			buildSettings = {
				ASSETCATALOG_COMPILER_APPICON_NAME = AppIcon;
				INFOPLIST_FILE = UIDynamic/Info.plist;
				LD_RUNPATH_SEARCH_PATHS = "$(inherited) @executable_path/Frameworks";
				PRODUCT_BUNDLE_IDENTIFIER = com.lizhaoloveit.UIDynamic;
				PRODUCT_NAME = "$(TARGET_NAME)";
			};
			name = Release;
		};
		A00695351C4DDF1300F9AC1B /* Debug */ = {
			isa = XCBuildConfiguration;
			buildSettings = {
				BUNDLE_LOADER = "$(TEST_HOST)";
				INFOPLIST_FILE = UIDynamicTests/Info.plist;
				LD_RUNPATH_SEARCH_PATHS = "$(inherited) @executable_path/Frameworks @loader_path/Frameworks";
				PRODUCT_BUNDLE_IDENTIFIER = com.lizhaoloveit.UIDynamicTests;
				PRODUCT_NAME = "$(TARGET_NAME)";
				TEST_HOST = "$(BUILT_PRODUCTS_DIR)/UIDynamic.app/UIDynamic";
			};
			name = Debug;
		};
		A00695361C4DDF1300F9AC1B /* Release */ = {
			isa = XCBuildConfiguration;
			buildSettings = {
				BUNDLE_LOADER = "$(TEST_HOST)";
				INFOPLIST_FILE = UIDynamicTests/Info.plist;
				LD_RUNPATH_SEARCH_PATHS = "$(inherited) @executable_path/Frameworks @loader_path/Frameworks";
				PRODUCT_BUNDLE_IDENTIFIER = com.lizhaoloveit.UIDynamicTests;
				PRODUCT_NAME = "$(TARGET_NAME)";
				TEST_HOST = "$(BUILT_PRODUCTS_DIR)/UIDynamic.app/UIDynamic";
			};
			name = Release;
		};
		A00695381C4DDF1300F9AC1B /* Debug */ = {
			isa = XCBuildConfiguration;
			buildSettings = {
				INFOPLIST_FILE = UIDynamicUITests/Info.plist;
				LD_RUNPATH_SEARCH_PATHS = "$(inherited) @executable_path/Frameworks @loader_path/Frameworks";
				PRODUCT_BUNDLE_IDENTIFIER = com.lizhaoloveit.UIDynamicUITests;
				PRODUCT_NAME = "$(TARGET_NAME)";
				TEST_TARGET_NAME = UIDynamic;
				USES_XCTRUNNER = YES;
			};
			name = Debug;
		};
		A00695391C4DDF1300F9AC1B /* Release */ = {
			isa = XCBuildConfiguration;
			buildSettings = {
				INFOPLIST_FILE = UIDynamicUITests/Info.plist;
				LD_RUNPATH_SEARCH_PATHS = "$(inherited) @executable_path/Frameworks @loader_path/Frameworks";
				PRODUCT_BUNDLE_IDENTIFIER = com.lizhaoloveit.UIDynamicUITests;
				PRODUCT_NAME = "$(TARGET_NAME)";
				TEST_TARGET_NAME = UIDynamic;
				USES_XCTRUNNER = YES;
			};
			name = Release;
		};
/* End XCBuildConfiguration section */

/* Begin XCConfigurationList section */
		A00694FF1C4DDF1300F9AC1B /* Build configuration list for PBXProject "UIDynamic" */ = {
			isa = XCConfigurationList;
			buildConfigurations = (
				A006952F1C4DDF1300F9AC1B /* Debug */,
				A00695301C4DDF1300F9AC1B /* Release */,
			);
			defaultConfigurationIsVisible = 0;
			defaultConfigurationName = Release;
		};
		A00695311C4DDF1300F9AC1B /* Build configuration list for PBXNativeTarget "UIDynamic" */ = {
			isa = XCConfigurationList;
			buildConfigurations = (
				A00695321C4DDF1300F9AC1B /* Debug */,
				A00695331C4DDF1300F9AC1B /* Release */,
			);
			defaultConfigurationIsVisible = 0;
		};
		A00695341C4DDF1300F9AC1B /* Build configuration list for PBXNativeTarget "UIDynamicTests" */ = {
			isa = XCConfigurationList;
			buildConfigurations = (
				A00695351C4DDF1300F9AC1B /* Debug */,
				A00695361C4DDF1300F9AC1B /* Release */,
			);
			defaultConfigurationIsVisible = 0;
		};
		A00695371C4DDF1300F9AC1B /* Build configuration list for PBXNativeTarget "UIDynamicUITests" */ = {
			isa = XCConfigurationList;
			buildConfigurations = (
				A00695381C4DDF1300F9AC1B /* Debug */,
				A00695391C4DDF1300F9AC1B /* Release */,
			);
			defaultConfigurationIsVisible = 0;
		};
/* End XCConfigurationList section */
	};
	rootObject = A00694FC1C4DDF1300F9AC1B /* Project object */;
}
